{
  "version": 4,
  "terraform_version": "1.4.4",
  "serial": 168,
  "lineage": "8de680dc-fdc5-1832-4f97-d609c366ed04",
  "outputs": {},
  "resources": [
    {
      "mode": "data",
      "type": "azurerm_client_config",
      "name": "current",
      "provider": "provider[\"registry.terraform.io/hashicorp/azurerm\"]",
      "instances": [
        {
          "schema_version": 0,
          "attributes": {
            "client_id": "04b07795-8ddb-461a-bbee-02f9e1bf7b46",
            "id": "Y2xpZW50Q29uZmlncy9jbGllbnRJZD0wNGIwNzc5NS04ZGRiLTQ2MWEtYmJlZS0wMmY5ZTFiZjdiNDY7b2JqZWN0SWQ9NTI2YTQwY2UtYTI0MC00ZjkwLWIxMmYtNjU5Y2M4NzBjNTViO3N1YnNjcmlwdGlvbklkPTI5YTIwYjA5LTA4NTctNGZkYS1iNzkwLTYyNjY2Y2JiMWYxMzt0ZW5hbnRJZD01ZDRkZjI0ZC02NzY5LTQ1ODYtOTQ1NS1kZDZkYjNmMzBmMGU=",
            "object_id": "526a40ce-a240-4f90-b12f-659cc870c55b",
            "subscription_id": "29a20b09-0857-4fda-b790-62666cbb1f13",
            "tenant_id": "5d4df24d-6769-4586-9455-dd6db3f30f0e",
            "timeouts": null
          },
          "sensitive_attributes": []
        }
      ]
    },
    {
      "mode": "managed",
      "type": "azurerm_application_insights",
      "name": "default",
      "provider": "provider[\"registry.terraform.io/hashicorp/azurerm\"]",
      "instances": [
        {
          "index_key": 0,
          "schema_version": 1,
          "attributes": {
            "app_id": "866f475b-2ce8-412e-9d85-04c7ee308cf1",
            "application_type": "web",
            "connection_string": "InstrumentationKey=403d9d07-da12-4208-ae2b-7015d40bd2a3;IngestionEndpoint=https://westeurope-4.in.applicationinsights.azure.com/;LiveEndpoint=https://westeurope.livediagnostics.monitor.azure.com/",
            "daily_data_cap_in_gb": 100,
            "daily_data_cap_notifications_disabled": false,
            "disable_ip_masking": false,
            "force_customer_storage_for_profiler": false,
            "id": "/subscriptions/29a20b09-0857-4fda-b790-62666cbb1f13/resourceGroups/rg-medical-imaging-rafl/providers/Microsoft.Insights/components/medical-imaging-rafl-appi0",
            "instrumentation_key": "403d9d07-da12-4208-ae2b-7015d40bd2a3",
            "internet_ingestion_enabled": true,
            "internet_query_enabled": true,
            "local_authentication_disabled": false,
            "location": "westeurope",
            "name": "medical-imaging-rafl-appi0",
            "resource_group_name": "rg-medical-imaging-rafl",
            "retention_in_days": 90,
            "sampling_percentage": 100,
            "tags": {
              "contact": "johannes@dataroots.io",
              "customer": "dataroots"
            },
            "timeouts": null,
            "workspace_id": ""
          },
          "sensitive_attributes": [],
          "private": "eyJlMmJmYjczMC1lY2FhLTExZTYtOGY4OC0zNDM2M2JjN2M0YzAiOnsiY3JlYXRlIjozNjAwMDAwMDAwMDAwLCJkZWxldGUiOjE4MDAwMDAwMDAwMDAsInJlYWQiOjMwMDAwMDAwMDAwMCwidXBkYXRlIjoxODAwMDAwMDAwMDAwfSwic2NoZW1hX3ZlcnNpb24iOiIxIn0="
        },
        {
          "index_key": 1,
          "schema_version": 1,
          "attributes": {
            "app_id": "26f1ee47-59db-40c3-a66d-b85f3a0cfdcd",
            "application_type": "web",
            "connection_string": "InstrumentationKey=c43255f6-29a8-4df2-9388-844234a6f1c2;IngestionEndpoint=https://westeurope-2.in.applicationinsights.azure.com/;LiveEndpoint=https://westeurope.livediagnostics.monitor.azure.com/",
            "daily_data_cap_in_gb": 100,
            "daily_data_cap_notifications_disabled": false,
            "disable_ip_masking": false,
            "force_customer_storage_for_profiler": false,
            "id": "/subscriptions/29a20b09-0857-4fda-b790-62666cbb1f13/resourceGroups/rg-medical-imaging-rafl/providers/Microsoft.Insights/components/medical-imaging-rafl-appi1",
            "instrumentation_key": "c43255f6-29a8-4df2-9388-844234a6f1c2",
            "internet_ingestion_enabled": true,
            "internet_query_enabled": true,
            "local_authentication_disabled": false,
            "location": "westeurope",
            "name": "medical-imaging-rafl-appi1",
            "resource_group_name": "rg-medical-imaging-rafl",
            "retention_in_days": 90,
            "sampling_percentage": 100,
            "tags": {
              "contact": "johannes@dataroots.io",
              "customer": "dataroots"
            },
            "timeouts": null,
            "workspace_id": ""
          },
          "sensitive_attributes": [],
          "private": "eyJlMmJmYjczMC1lY2FhLTExZTYtOGY4OC0zNDM2M2JjN2M0YzAiOnsiY3JlYXRlIjozNjAwMDAwMDAwMDAwLCJkZWxldGUiOjE4MDAwMDAwMDAwMDAsInJlYWQiOjMwMDAwMDAwMDAwMCwidXBkYXRlIjoxODAwMDAwMDAwMDAwfSwic2NoZW1hX3ZlcnNpb24iOiIxIn0="
        },
        {
          "index_key": 2,
          "schema_version": 1,
          "attributes": {
            "app_id": "9cc6723e-0ee8-4e7b-bdef-988feb32ec1d",
            "application_type": "web",
            "connection_string": "InstrumentationKey=e44ed8f8-c602-4a9b-bad3-4f0c34b06211;IngestionEndpoint=https://westeurope-3.in.applicationinsights.azure.com/;LiveEndpoint=https://westeurope.livediagnostics.monitor.azure.com/",
            "daily_data_cap_in_gb": 100,
            "daily_data_cap_notifications_disabled": false,
            "disable_ip_masking": false,
            "force_customer_storage_for_profiler": false,
            "id": "/subscriptions/29a20b09-0857-4fda-b790-62666cbb1f13/resourceGroups/rg-medical-imaging-rafl/providers/Microsoft.Insights/components/medical-imaging-rafl-appi2",
            "instrumentation_key": "e44ed8f8-c602-4a9b-bad3-4f0c34b06211",
            "internet_ingestion_enabled": true,
            "internet_query_enabled": true,
            "local_authentication_disabled": false,
            "location": "westeurope",
            "name": "medical-imaging-rafl-appi2",
            "resource_group_name": "rg-medical-imaging-rafl",
            "retention_in_days": 90,
            "sampling_percentage": 100,
            "tags": {
              "contact": "johannes@dataroots.io",
              "customer": "dataroots"
            },
            "timeouts": null,
            "workspace_id": ""
          },
          "sensitive_attributes": [],
          "private": "eyJlMmJmYjczMC1lY2FhLTExZTYtOGY4OC0zNDM2M2JjN2M0YzAiOnsiY3JlYXRlIjozNjAwMDAwMDAwMDAwLCJkZWxldGUiOjE4MDAwMDAwMDAwMDAsInJlYWQiOjMwMDAwMDAwMDAwMCwidXBkYXRlIjoxODAwMDAwMDAwMDAwfSwic2NoZW1hX3ZlcnNpb24iOiIxIn0="
        }
      ]
    },
    {
      "mode": "managed",
      "type": "azurerm_container_registry",
      "name": "default",
      "provider": "provider[\"registry.terraform.io/hashicorp/azurerm\"]",
      "instances": [
        {
          "index_key": 0,
          "schema_version": 2,
          "attributes": {
            "admin_enabled": true,
            "admin_password": "NbVUD4oUQWkmrwi/xpzouKlMP6NdpieYaC1RR10/x8+ACRCBdDbX",
            "admin_username": "rafldev81084392cr0",
            "anonymous_pull_enabled": false,
            "data_endpoint_enabled": false,
            "encryption": [
              {
                "enabled": false,
                "identity_client_id": "",
                "key_vault_key_id": ""
              }
            ],
            "export_policy_enabled": true,
            "georeplications": [],
            "id": "/subscriptions/29a20b09-0857-4fda-b790-62666cbb1f13/resourceGroups/rg-medical-imaging-rafl/providers/Microsoft.ContainerRegistry/registries/rafldev81084392cr0",
            "identity": [],
            "location": "westeurope",
            "login_server": "rafldev81084392cr0.azurecr.io",
            "name": "rafldev81084392cr0",
            "network_rule_bypass_option": "AzureServices",
            "network_rule_set": [
              {
                "default_action": "Allow",
                "ip_rule": [],
                "virtual_network": []
              }
            ],
            "public_network_access_enabled": true,
            "quarantine_policy_enabled": false,
            "resource_group_name": "rg-medical-imaging-rafl",
            "retention_policy": [
              {
                "days": 7,
                "enabled": false
              }
            ],
            "sku": "Premium",
            "tags": {
              "contact": "johannes@dataroots.io",
              "customer": "dataroots"
            },
            "timeouts": null,
            "trust_policy": [
              {
                "enabled": false
              }
            ],
            "zone_redundancy_enabled": false
          },
          "sensitive_attributes": [],
          "private": "eyJlMmJmYjczMC1lY2FhLTExZTYtOGY4OC0zNDM2M2JjN2M0YzAiOnsiY3JlYXRlIjoxODAwMDAwMDAwMDAwLCJkZWxldGUiOjE4MDAwMDAwMDAwMDAsInJlYWQiOjMwMDAwMDAwMDAwMCwidXBkYXRlIjoxODAwMDAwMDAwMDAwfSwic2NoZW1hX3ZlcnNpb24iOiIyIn0=",
          "dependencies": [
            "random_integer.suffix"
          ]
        },
        {
          "index_key": 1,
          "schema_version": 2,
          "attributes": {
            "admin_enabled": true,
            "admin_password": "8NC36uEUzd9rgQQfh6f3PkJWFeimXVHbDZ281tkZyN+ACRC8v9eZ",
            "admin_username": "rafldev81084392cr1",
            "anonymous_pull_enabled": false,
            "data_endpoint_enabled": false,
            "encryption": [
              {
                "enabled": false,
                "identity_client_id": "",
                "key_vault_key_id": ""
              }
            ],
            "export_policy_enabled": true,
            "georeplications": [],
            "id": "/subscriptions/29a20b09-0857-4fda-b790-62666cbb1f13/resourceGroups/rg-medical-imaging-rafl/providers/Microsoft.ContainerRegistry/registries/rafldev81084392cr1",
            "identity": [],
            "location": "westeurope",
            "login_server": "rafldev81084392cr1.azurecr.io",
            "name": "rafldev81084392cr1",
            "network_rule_bypass_option": "AzureServices",
            "network_rule_set": [
              {
                "default_action": "Allow",
                "ip_rule": [],
                "virtual_network": []
              }
            ],
            "public_network_access_enabled": true,
            "quarantine_policy_enabled": false,
            "resource_group_name": "rg-medical-imaging-rafl",
            "retention_policy": [
              {
                "days": 7,
                "enabled": false
              }
            ],
            "sku": "Premium",
            "tags": {
              "contact": "johannes@dataroots.io",
              "customer": "dataroots"
            },
            "timeouts": null,
            "trust_policy": [
              {
                "enabled": false
              }
            ],
            "zone_redundancy_enabled": false
          },
          "sensitive_attributes": [],
          "private": "eyJlMmJmYjczMC1lY2FhLTExZTYtOGY4OC0zNDM2M2JjN2M0YzAiOnsiY3JlYXRlIjoxODAwMDAwMDAwMDAwLCJkZWxldGUiOjE4MDAwMDAwMDAwMDAsInJlYWQiOjMwMDAwMDAwMDAwMCwidXBkYXRlIjoxODAwMDAwMDAwMDAwfSwic2NoZW1hX3ZlcnNpb24iOiIyIn0=",
          "dependencies": [
            "random_integer.suffix"
          ]
        },
        {
          "index_key": 2,
          "schema_version": 2,
          "attributes": {
            "admin_enabled": true,
            "admin_password": "B5aaFfSJLtvNTRZP0dzKjFg8QE/zfB9NxkN9n9Us1/+ACRCyuOkt",
            "admin_username": "rafldev81084392cr2",
            "anonymous_pull_enabled": false,
            "data_endpoint_enabled": false,
            "encryption": [
              {
                "enabled": false,
                "identity_client_id": "",
                "key_vault_key_id": ""
              }
            ],
            "export_policy_enabled": true,
            "georeplications": [],
            "id": "/subscriptions/29a20b09-0857-4fda-b790-62666cbb1f13/resourceGroups/rg-medical-imaging-rafl/providers/Microsoft.ContainerRegistry/registries/rafldev81084392cr2",
            "identity": [],
            "location": "westeurope",
            "login_server": "rafldev81084392cr2.azurecr.io",
            "name": "rafldev81084392cr2",
            "network_rule_bypass_option": "AzureServices",
            "network_rule_set": [
              {
                "default_action": "Allow",
                "ip_rule": [],
                "virtual_network": []
              }
            ],
            "public_network_access_enabled": true,
            "quarantine_policy_enabled": false,
            "resource_group_name": "rg-medical-imaging-rafl",
            "retention_policy": [
              {
                "days": 7,
                "enabled": false
              }
            ],
            "sku": "Premium",
            "tags": {
              "contact": "johannes@dataroots.io",
              "customer": "dataroots"
            },
            "timeouts": null,
            "trust_policy": [
              {
                "enabled": false
              }
            ],
            "zone_redundancy_enabled": false
          },
          "sensitive_attributes": [],
          "private": "eyJlMmJmYjczMC1lY2FhLTExZTYtOGY4OC0zNDM2M2JjN2M0YzAiOnsiY3JlYXRlIjoxODAwMDAwMDAwMDAwLCJkZWxldGUiOjE4MDAwMDAwMDAwMDAsInJlYWQiOjMwMDAwMDAwMDAwMCwidXBkYXRlIjoxODAwMDAwMDAwMDAwfSwic2NoZW1hX3ZlcnNpb24iOiIyIn0=",
          "dependencies": [
            "random_integer.suffix"
          ]
        }
      ]
    },
    {
      "mode": "managed",
      "type": "azurerm_key_vault",
      "name": "default",
      "provider": "provider[\"registry.terraform.io/hashicorp/azurerm\"]",
      "instances": [
        {
          "index_key": 0,
          "schema_version": 2,
          "attributes": {
            "access_policy": [],
            "contact": [],
            "enable_rbac_authorization": false,
            "enabled_for_deployment": false,
            "enabled_for_disk_encryption": false,
            "enabled_for_template_deployment": false,
            "id": "/subscriptions/29a20b09-0857-4fda-b790-62666cbb1f13/resourceGroups/rg-medical-imaging-rafl/providers/Microsoft.KeyVault/vaults/rafldev81084392kv0",
            "location": "westeurope",
            "name": "rafldev81084392kv0",
            "network_acls": [
              {
                "bypass": "AzureServices",
                "default_action": "Allow",
                "ip_rules": [],
                "virtual_network_subnet_ids": []
              }
            ],
            "public_network_access_enabled": true,
            "purge_protection_enabled": false,
            "resource_group_name": "rg-medical-imaging-rafl",
            "sku_name": "premium",
            "soft_delete_retention_days": 90,
            "tags": {
              "contact": "johannes@dataroots.io",
              "customer": "dataroots"
            },
            "tenant_id": "5d4df24d-6769-4586-9455-dd6db3f30f0e",
            "timeouts": null,
            "vault_uri": "https://rafldev81084392kv0.vault.azure.net/"
          },
          "sensitive_attributes": [],
          "private": "eyJlMmJmYjczMC1lY2FhLTExZTYtOGY4OC0zNDM2M2JjN2M0YzAiOnsiY3JlYXRlIjoxODAwMDAwMDAwMDAwLCJkZWxldGUiOjE4MDAwMDAwMDAwMDAsInJlYWQiOjMwMDAwMDAwMDAwMCwidXBkYXRlIjoxODAwMDAwMDAwMDAwfSwic2NoZW1hX3ZlcnNpb24iOiIyIn0=",
          "dependencies": [
            "data.azurerm_client_config.current",
            "random_integer.suffix"
          ]
        },
        {
          "index_key": 1,
          "schema_version": 2,
          "attributes": {
            "access_policy": [],
            "contact": [],
            "enable_rbac_authorization": false,
            "enabled_for_deployment": false,
            "enabled_for_disk_encryption": false,
            "enabled_for_template_deployment": false,
            "id": "/subscriptions/29a20b09-0857-4fda-b790-62666cbb1f13/resourceGroups/rg-medical-imaging-rafl/providers/Microsoft.KeyVault/vaults/rafldev81084392kv1",
            "location": "westeurope",
            "name": "rafldev81084392kv1",
            "network_acls": [
              {
                "bypass": "AzureServices",
                "default_action": "Allow",
                "ip_rules": [],
                "virtual_network_subnet_ids": []
              }
            ],
            "public_network_access_enabled": true,
            "purge_protection_enabled": false,
            "resource_group_name": "rg-medical-imaging-rafl",
            "sku_name": "premium",
            "soft_delete_retention_days": 90,
            "tags": {
              "contact": "johannes@dataroots.io",
              "customer": "dataroots"
            },
            "tenant_id": "5d4df24d-6769-4586-9455-dd6db3f30f0e",
            "timeouts": null,
            "vault_uri": "https://rafldev81084392kv1.vault.azure.net/"
          },
          "sensitive_attributes": [],
          "private": "eyJlMmJmYjczMC1lY2FhLTExZTYtOGY4OC0zNDM2M2JjN2M0YzAiOnsiY3JlYXRlIjoxODAwMDAwMDAwMDAwLCJkZWxldGUiOjE4MDAwMDAwMDAwMDAsInJlYWQiOjMwMDAwMDAwMDAwMCwidXBkYXRlIjoxODAwMDAwMDAwMDAwfSwic2NoZW1hX3ZlcnNpb24iOiIyIn0=",
          "dependencies": [
            "data.azurerm_client_config.current",
            "random_integer.suffix"
          ]
        },
        {
          "index_key": 2,
          "schema_version": 2,
          "attributes": {
            "access_policy": [],
            "contact": [],
            "enable_rbac_authorization": false,
            "enabled_for_deployment": false,
            "enabled_for_disk_encryption": false,
            "enabled_for_template_deployment": false,
            "id": "/subscriptions/29a20b09-0857-4fda-b790-62666cbb1f13/resourceGroups/rg-medical-imaging-rafl/providers/Microsoft.KeyVault/vaults/rafldev81084392kv2",
            "location": "westeurope",
            "name": "rafldev81084392kv2",
            "network_acls": [
              {
                "bypass": "AzureServices",
                "default_action": "Allow",
                "ip_rules": [],
                "virtual_network_subnet_ids": []
              }
            ],
            "public_network_access_enabled": true,
            "purge_protection_enabled": false,
            "resource_group_name": "rg-medical-imaging-rafl",
            "sku_name": "premium",
            "soft_delete_retention_days": 90,
            "tags": {
              "contact": "johannes@dataroots.io",
              "customer": "dataroots"
            },
            "tenant_id": "5d4df24d-6769-4586-9455-dd6db3f30f0e",
            "timeouts": null,
            "vault_uri": "https://rafldev81084392kv2.vault.azure.net/"
          },
          "sensitive_attributes": [],
          "private": "eyJlMmJmYjczMC1lY2FhLTExZTYtOGY4OC0zNDM2M2JjN2M0YzAiOnsiY3JlYXRlIjoxODAwMDAwMDAwMDAwLCJkZWxldGUiOjE4MDAwMDAwMDAwMDAsInJlYWQiOjMwMDAwMDAwMDAwMCwidXBkYXRlIjoxODAwMDAwMDAwMDAwfSwic2NoZW1hX3ZlcnNpb24iOiIyIn0=",
          "dependencies": [
            "data.azurerm_client_config.current",
            "random_integer.suffix"
          ]
        }
      ]
    },
    {
      "mode": "managed",
      "type": "azurerm_machine_learning_compute_instance",
      "name": "example",
      "provider": "provider[\"registry.terraform.io/hashicorp/azurerm\"]",
      "instances": [
        {
          "index_key": 0,
          "schema_version": 0,
          "attributes": {
            "assign_to_user": [],
            "authorization_type": "personal",
            "description": "foo",
            "id": "/subscriptions/29a20b09-0857-4fda-b790-62666cbb1f13/resourceGroups/rg-medical-imaging-rafl/providers/Microsoft.MachineLearningServices/workspaces/medical-imaging-rafl-mlw0/computes/rafl-ci0",
            "identity": [],
            "local_auth_enabled": true,
            "location": "westeurope",
            "machine_learning_workspace_id": "/subscriptions/29a20b09-0857-4fda-b790-62666cbb1f13/resourceGroups/rg-medical-imaging-rafl/providers/Microsoft.MachineLearningServices/workspaces/medical-imaging-rafl-mlw0",
            "name": "rafl-ci0",
            "ssh": [
              {
                "port": 50000,
                "public_key": "ssh-rsa AAAAB3NzaC1yc2EAAAADAQABAAABAQDavoXAemehwudzkrlZaQ92dcG9LQaRPJe/+VhO+n0r/07AzWOHiygwOvH9j0CEg6gRT088wksT02gjUs2gh+3E+P1BOmVKUTvYaVIucpV1Fvk1awNK0kWOqlCVOjN3+FTb1A2Jf8rpf6WW5iBMX/Yj8rb0l0MtzcJuKWqkHDWbMMCXpGBaXpYoQOkKQknEcpWEilZfdS0feJU0MJdJSlAktXxvkkPDSO7TDxM544EKHYvXSEornsu2V+kVhTDRa1BZPWubKqSoHd4t1BEvQiTL4ebmw9kH91+vnXXxzE0+x8HerjB2EYTkKELYCTBDOsgATDjqZEmCZ5xXrBtuIjWD generated-key",
                "username": "azureuser"
              }
            ],
            "subnet_resource_id": "/subscriptions/29a20b09-0857-4fda-b790-62666cbb1f13/resourceGroups/rg-medical-imaging-rafl/providers/Microsoft.Network/virtualNetworks/vn-rafl-network/subnets/internal",
            "tags": {
              "foo": "bar"
            },
            "timeouts": null,
            "virtual_machine_size": "STANDARD_DS2_V2"
          },
          "sensitive_attributes": [],
          "private": "eyJlMmJmYjczMC1lY2FhLTExZTYtOGY4OC0zNDM2M2JjN2M0YzAiOnsiY3JlYXRlIjoxODAwMDAwMDAwMDAwLCJkZWxldGUiOjE4MDAwMDAwMDAwMDAsInJlYWQiOjMwMDAwMDAwMDAwMH19",
          "dependencies": [
            "azurerm_application_insights.default",
            "azurerm_container_registry.default",
            "azurerm_key_vault.default",
            "azurerm_machine_learning_workspace.default",
            "azurerm_storage_account.default",
            "azurerm_subnet.internal",
            "azurerm_virtual_network.main",
            "data.azurerm_client_config.current",
            "random_integer.suffix"
          ]
        },
        {
          "index_key": 1,
          "schema_version": 0,
          "attributes": {
            "assign_to_user": [],
            "authorization_type": "personal",
            "description": "foo",
            "id": "/subscriptions/29a20b09-0857-4fda-b790-62666cbb1f13/resourceGroups/rg-medical-imaging-rafl/providers/Microsoft.MachineLearningServices/workspaces/medical-imaging-rafl-mlw1/computes/rafl-ci1",
            "identity": [],
            "local_auth_enabled": true,
            "location": "westeurope",
            "machine_learning_workspace_id": "/subscriptions/29a20b09-0857-4fda-b790-62666cbb1f13/resourceGroups/rg-medical-imaging-rafl/providers/Microsoft.MachineLearningServices/workspaces/medical-imaging-rafl-mlw1",
            "name": "rafl-ci1",
            "ssh": [
              {
                "port": 50001,
                "public_key": "ssh-rsa AAAAB3NzaC1yc2EAAAADAQABAAABAQCqAJJ/xSDUlZ9HgH47hbLX17Kf/OlHRr2Jfu5vfNPmmpWcInbibctL9HjVPHX8zbOFZaEdDv4mGp/5lSLgQUsm+DsOnbX3ZFMVnqFw5iReEFj3rUqVo6qcPbCLYJ1DTPk3yKVfis204JrK/qWz351KtAF048EBR95CRA4jd9HDioOzx/NcZG55DCArS9/hjiPQmKJtkKzaIWqBGKV9pnc2V/zKWQRXur8y6LWHKhlvmQRmFEpNzt7/9zRi2Lyo3IChlA0u8jLEUyOjU2HcTYrrV0gsoTT+BiLvPWSQ7RCjc+qIv7JZat3r4Czk481B3xyUQAKA2rP4CFw3RmNr6TTB generated-key",
                "username": "azureuser"
              }
            ],
            "subnet_resource_id": "/subscriptions/29a20b09-0857-4fda-b790-62666cbb1f13/resourceGroups/rg-medical-imaging-rafl/providers/Microsoft.Network/virtualNetworks/vn-rafl-network/subnets/internal",
            "tags": {
              "foo": "bar"
            },
            "timeouts": null,
            "virtual_machine_size": "STANDARD_DS2_V2"
          },
          "sensitive_attributes": [],
          "private": "eyJlMmJmYjczMC1lY2FhLTExZTYtOGY4OC0zNDM2M2JjN2M0YzAiOnsiY3JlYXRlIjoxODAwMDAwMDAwMDAwLCJkZWxldGUiOjE4MDAwMDAwMDAwMDAsInJlYWQiOjMwMDAwMDAwMDAwMH19",
          "dependencies": [
            "azurerm_application_insights.default",
            "azurerm_container_registry.default",
            "azurerm_key_vault.default",
            "azurerm_machine_learning_workspace.default",
            "azurerm_storage_account.default",
            "azurerm_subnet.internal",
            "azurerm_virtual_network.main",
            "data.azurerm_client_config.current",
            "random_integer.suffix"
          ]
        },
        {
          "index_key": 2,
          "schema_version": 0,
          "attributes": {
            "assign_to_user": [],
            "authorization_type": "personal",
            "description": "foo",
            "id": "/subscriptions/29a20b09-0857-4fda-b790-62666cbb1f13/resourceGroups/rg-medical-imaging-rafl/providers/Microsoft.MachineLearningServices/workspaces/medical-imaging-rafl-mlw2/computes/rafl-ci2",
            "identity": [],
            "local_auth_enabled": true,
            "location": "westeurope",
            "machine_learning_workspace_id": "/subscriptions/29a20b09-0857-4fda-b790-62666cbb1f13/resourceGroups/rg-medical-imaging-rafl/providers/Microsoft.MachineLearningServices/workspaces/medical-imaging-rafl-mlw2",
            "name": "rafl-ci2",
            "ssh": [
              {
                "port": 50000,
                "public_key": "ssh-rsa AAAAB3NzaC1yc2EAAAADAQABAAABAQC9BiXHmpLT0qAaG/VBbCvuRXdTKF9KV8ilVKLjlblnl5D1Cr/ymhinHk1DfkvahlS1Yhqw81sghUlEB0438iLdr/rexDDb5s37STHeYGONWrvWzguKQOcxbbMlEeM/N1AXigIpiZqq6qbPUd6mp4wzHiMhOSSoSN3tF9iKhxAdYf0tnrgyCqBf2Karc75yGk/t6hZGWfSBNbJb0uBkAgSfQaQay5Lz9E3Y7Z+PjdIGdlwX9T7c3Y2Ej242vqAhn9rAyNu1T1uSawE7IeRMRwOoo+iVdk3x2pFExJuENUMwoEGtIwD6BqdYZwoQw77bjjPUzDp8IxTwxWRLFe5qUtJ5 generated-key",
                "username": "azureuser"
              }
            ],
            "subnet_resource_id": "/subscriptions/29a20b09-0857-4fda-b790-62666cbb1f13/resourceGroups/rg-medical-imaging-rafl/providers/Microsoft.Network/virtualNetworks/vn-rafl-network/subnets/internal",
            "tags": {
              "foo": "bar"
            },
            "timeouts": null,
            "virtual_machine_size": "STANDARD_DS2_V2"
          },
          "sensitive_attributes": [],
          "private": "eyJlMmJmYjczMC1lY2FhLTExZTYtOGY4OC0zNDM2M2JjN2M0YzAiOnsiY3JlYXRlIjoxODAwMDAwMDAwMDAwLCJkZWxldGUiOjE4MDAwMDAwMDAwMDAsInJlYWQiOjMwMDAwMDAwMDAwMH19",
          "dependencies": [
            "azurerm_application_insights.default",
            "azurerm_container_registry.default",
            "azurerm_key_vault.default",
            "azurerm_machine_learning_workspace.default",
            "azurerm_storage_account.default",
            "azurerm_subnet.internal",
            "azurerm_virtual_network.main",
            "data.azurerm_client_config.current",
            "random_integer.suffix"
          ]
        }
      ]
    },
    {
      "mode": "managed",
      "type": "azurerm_machine_learning_workspace",
      "name": "default",
      "provider": "provider[\"registry.terraform.io/hashicorp/azurerm\"]",
      "instances": [
        {
          "index_key": 0,
          "schema_version": 0,
          "attributes": {
            "application_insights_id": "/subscriptions/29a20b09-0857-4fda-b790-62666cbb1f13/resourceGroups/rg-medical-imaging-rafl/providers/Microsoft.insights/components/medical-imaging-rafl-appi0",
            "container_registry_id": "/subscriptions/29a20b09-0857-4fda-b790-62666cbb1f13/resourceGroups/rg-medical-imaging-rafl/providers/Microsoft.ContainerRegistry/registries/rafldev81084392cr0",
            "description": "",
            "discovery_url": "https://westeurope.api.azureml.ms/discovery",
            "encryption": [],
            "friendly_name": "",
            "high_business_impact": false,
            "id": "/subscriptions/29a20b09-0857-4fda-b790-62666cbb1f13/resourceGroups/rg-medical-imaging-rafl/providers/Microsoft.MachineLearningServices/workspaces/medical-imaging-rafl-mlw0",
            "identity": [
              {
                "identity_ids": null,
                "principal_id": "3095b402-711a-4571-91ab-b15ac1025763",
                "tenant_id": "5d4df24d-6769-4586-9455-dd6db3f30f0e",
                "type": "SystemAssigned"
              }
            ],
            "image_build_compute_name": "",
            "key_vault_id": "/subscriptions/29a20b09-0857-4fda-b790-62666cbb1f13/resourceGroups/rg-medical-imaging-rafl/providers/Microsoft.Keyvault/vaults/rafldev81084392kv0",
            "location": "westeurope",
            "name": "medical-imaging-rafl-mlw0",
            "primary_user_assigned_identity": "",
            "public_access_behind_virtual_network_enabled": false,
            "public_network_access_enabled": true,
            "resource_group_name": "rg-medical-imaging-rafl",
            "sku_name": "Basic",
            "storage_account_id": "/subscriptions/29a20b09-0857-4fda-b790-62666cbb1f13/resourceGroups/rg-medical-imaging-rafl/providers/Microsoft.Storage/storageAccounts/rafldev81084392st0",
            "tags": {
              "contact": "johannes@dataroots.io",
              "customer": "dataroots"
            },
            "timeouts": null,
            "v1_legacy_mode_enabled": false
          },
          "sensitive_attributes": [],
          "private": "eyJlMmJmYjczMC1lY2FhLTExZTYtOGY4OC0zNDM2M2JjN2M0YzAiOnsiY3JlYXRlIjoxODAwMDAwMDAwMDAwLCJkZWxldGUiOjE4MDAwMDAwMDAwMDAsInJlYWQiOjMwMDAwMDAwMDAwMCwidXBkYXRlIjoxODAwMDAwMDAwMDAwfX0=",
          "dependencies": [
            "azurerm_application_insights.default",
            "azurerm_container_registry.default",
            "azurerm_key_vault.default",
            "azurerm_storage_account.default",
            "data.azurerm_client_config.current",
            "random_integer.suffix"
          ]
        },
        {
          "index_key": 1,
          "schema_version": 0,
          "attributes": {
            "application_insights_id": "/subscriptions/29a20b09-0857-4fda-b790-62666cbb1f13/resourceGroups/rg-medical-imaging-rafl/providers/Microsoft.insights/components/medical-imaging-rafl-appi1",
            "container_registry_id": "/subscriptions/29a20b09-0857-4fda-b790-62666cbb1f13/resourceGroups/rg-medical-imaging-rafl/providers/Microsoft.ContainerRegistry/registries/rafldev81084392cr1",
            "description": "",
            "discovery_url": "https://westeurope.api.azureml.ms/discovery",
            "encryption": [],
            "friendly_name": "",
            "high_business_impact": false,
            "id": "/subscriptions/29a20b09-0857-4fda-b790-62666cbb1f13/resourceGroups/rg-medical-imaging-rafl/providers/Microsoft.MachineLearningServices/workspaces/medical-imaging-rafl-mlw1",
            "identity": [
              {
                "identity_ids": null,
                "principal_id": "12e3431f-8be2-4ceb-9acb-9a975cad9dff",
                "tenant_id": "5d4df24d-6769-4586-9455-dd6db3f30f0e",
                "type": "SystemAssigned"
              }
            ],
            "image_build_compute_name": "",
            "key_vault_id": "/subscriptions/29a20b09-0857-4fda-b790-62666cbb1f13/resourceGroups/rg-medical-imaging-rafl/providers/Microsoft.Keyvault/vaults/rafldev81084392kv1",
            "location": "westeurope",
            "name": "medical-imaging-rafl-mlw1",
            "primary_user_assigned_identity": "",
            "public_access_behind_virtual_network_enabled": false,
            "public_network_access_enabled": true,
            "resource_group_name": "rg-medical-imaging-rafl",
            "sku_name": "Basic",
            "storage_account_id": "/subscriptions/29a20b09-0857-4fda-b790-62666cbb1f13/resourceGroups/rg-medical-imaging-rafl/providers/Microsoft.Storage/storageAccounts/rafldev81084392st1",
            "tags": {
              "contact": "johannes@dataroots.io",
              "customer": "dataroots"
            },
            "timeouts": null,
            "v1_legacy_mode_enabled": false
          },
          "sensitive_attributes": [],
          "private": "eyJlMmJmYjczMC1lY2FhLTExZTYtOGY4OC0zNDM2M2JjN2M0YzAiOnsiY3JlYXRlIjoxODAwMDAwMDAwMDAwLCJkZWxldGUiOjE4MDAwMDAwMDAwMDAsInJlYWQiOjMwMDAwMDAwMDAwMCwidXBkYXRlIjoxODAwMDAwMDAwMDAwfX0=",
          "dependencies": [
            "azurerm_application_insights.default",
            "azurerm_container_registry.default",
            "azurerm_key_vault.default",
            "azurerm_storage_account.default",
            "data.azurerm_client_config.current",
            "random_integer.suffix"
          ]
        },
        {
          "index_key": 2,
          "schema_version": 0,
          "attributes": {
            "application_insights_id": "/subscriptions/29a20b09-0857-4fda-b790-62666cbb1f13/resourceGroups/rg-medical-imaging-rafl/providers/Microsoft.insights/components/medical-imaging-rafl-appi2",
            "container_registry_id": "/subscriptions/29a20b09-0857-4fda-b790-62666cbb1f13/resourceGroups/rg-medical-imaging-rafl/providers/Microsoft.ContainerRegistry/registries/rafldev81084392cr2",
            "description": "",
            "discovery_url": "https://westeurope.api.azureml.ms/discovery",
            "encryption": [],
            "friendly_name": "",
            "high_business_impact": false,
            "id": "/subscriptions/29a20b09-0857-4fda-b790-62666cbb1f13/resourceGroups/rg-medical-imaging-rafl/providers/Microsoft.MachineLearningServices/workspaces/medical-imaging-rafl-mlw2",
            "identity": [
              {
                "identity_ids": null,
                "principal_id": "12cf5a80-0520-4973-917c-c4847290cb46",
                "tenant_id": "5d4df24d-6769-4586-9455-dd6db3f30f0e",
                "type": "SystemAssigned"
              }
            ],
            "image_build_compute_name": "",
            "key_vault_id": "/subscriptions/29a20b09-0857-4fda-b790-62666cbb1f13/resourceGroups/rg-medical-imaging-rafl/providers/Microsoft.Keyvault/vaults/rafldev81084392kv2",
            "location": "westeurope",
            "name": "medical-imaging-rafl-mlw2",
            "primary_user_assigned_identity": "",
            "public_access_behind_virtual_network_enabled": false,
            "public_network_access_enabled": true,
            "resource_group_name": "rg-medical-imaging-rafl",
            "sku_name": "Basic",
            "storage_account_id": "/subscriptions/29a20b09-0857-4fda-b790-62666cbb1f13/resourceGroups/rg-medical-imaging-rafl/providers/Microsoft.Storage/storageAccounts/rafldev81084392st2",
            "tags": {
              "contact": "johannes@dataroots.io",
              "customer": "dataroots"
            },
            "timeouts": null,
            "v1_legacy_mode_enabled": false
          },
          "sensitive_attributes": [],
          "private": "eyJlMmJmYjczMC1lY2FhLTExZTYtOGY4OC0zNDM2M2JjN2M0YzAiOnsiY3JlYXRlIjoxODAwMDAwMDAwMDAwLCJkZWxldGUiOjE4MDAwMDAwMDAwMDAsInJlYWQiOjMwMDAwMDAwMDAwMCwidXBkYXRlIjoxODAwMDAwMDAwMDAwfX0=",
          "dependencies": [
            "azurerm_application_insights.default",
            "azurerm_container_registry.default",
            "azurerm_key_vault.default",
            "azurerm_storage_account.default",
            "data.azurerm_client_config.current",
            "random_integer.suffix"
          ]
        }
      ]
    },
    {
      "mode": "managed",
      "type": "azurerm_network_interface",
      "name": "my_terraform_nic",
      "provider": "provider[\"registry.terraform.io/hashicorp/azurerm\"]",
      "instances": [
        {
          "schema_version": 0,
          "attributes": {
            "applied_dns_servers": [],
            "dns_servers": [],
            "edge_zone": "",
            "enable_accelerated_networking": false,
            "enable_ip_forwarding": false,
            "id": "/subscriptions/29a20b09-0857-4fda-b790-62666cbb1f13/resourceGroups/rg-medical-imaging-rafl/providers/Microsoft.Network/networkInterfaces/myNIC",
            "internal_dns_name_label": "",
            "internal_domain_name_suffix": "3jadj3jl2nqejapi5bxhtxy4ig.ax.internal.cloudapp.net",
            "ip_configuration": [
              {
                "gateway_load_balancer_frontend_ip_configuration_id": "",
                "name": "my_nic_configuration",
                "primary": true,
                "private_ip_address": "10.0.2.4",
                "private_ip_address_allocation": "Dynamic",
                "private_ip_address_version": "IPv4",
                "public_ip_address_id": "/subscriptions/29a20b09-0857-4fda-b790-62666cbb1f13/resourceGroups/rg-medical-imaging-rafl/providers/Microsoft.Network/publicIPAddresses/myPublicIP",
                "subnet_id": "/subscriptions/29a20b09-0857-4fda-b790-62666cbb1f13/resourceGroups/rg-medical-imaging-rafl/providers/Microsoft.Network/virtualNetworks/vn-rafl-network/subnets/internal"
              }
            ],
            "location": "westeurope",
            "mac_address": "",
            "name": "myNIC",
            "private_ip_address": "10.0.2.4",
            "private_ip_addresses": [
              "10.0.2.4"
            ],
            "resource_group_name": "rg-medical-imaging-rafl",
            "tags": {
              "contact": "johannes@dataroots.io",
              "customer": "dataroots"
            },
            "timeouts": null,
            "virtual_machine_id": ""
          },
          "sensitive_attributes": [],
          "private": "eyJlMmJmYjczMC1lY2FhLTExZTYtOGY4OC0zNDM2M2JjN2M0YzAiOnsiY3JlYXRlIjoxODAwMDAwMDAwMDAwLCJkZWxldGUiOjE4MDAwMDAwMDAwMDAsInJlYWQiOjMwMDAwMDAwMDAwMCwidXBkYXRlIjoxODAwMDAwMDAwMDAwfX0=",
          "dependencies": [
            "azurerm_public_ip.my_terraform_public_ip",
            "azurerm_subnet.internal",
            "azurerm_virtual_network.main"
          ]
        }
      ]
    },
    {
      "mode": "managed",
      "type": "azurerm_network_interface_security_group_association",
      "name": "example",
      "provider": "provider[\"registry.terraform.io/hashicorp/azurerm\"]",
      "instances": [
        {
          "schema_version": 0,
          "attributes": {
            "id": "/subscriptions/29a20b09-0857-4fda-b790-62666cbb1f13/resourceGroups/rg-medical-imaging-rafl/providers/Microsoft.Network/networkInterfaces/myNIC|/subscriptions/29a20b09-0857-4fda-b790-62666cbb1f13/resourceGroups/rg-medical-imaging-rafl/providers/Microsoft.Network/networkSecurityGroups/myNetworkSecurityGroup",
            "network_interface_id": "/subscriptions/29a20b09-0857-4fda-b790-62666cbb1f13/resourceGroups/rg-medical-imaging-rafl/providers/Microsoft.Network/networkInterfaces/myNIC",
            "network_security_group_id": "/subscriptions/29a20b09-0857-4fda-b790-62666cbb1f13/resourceGroups/rg-medical-imaging-rafl/providers/Microsoft.Network/networkSecurityGroups/myNetworkSecurityGroup",
            "timeouts": null
          },
          "sensitive_attributes": [],
          "private": "eyJlMmJmYjczMC1lY2FhLTExZTYtOGY4OC0zNDM2M2JjN2M0YzAiOnsiY3JlYXRlIjoxODAwMDAwMDAwMDAwLCJkZWxldGUiOjE4MDAwMDAwMDAwMDAsInJlYWQiOjMwMDAwMDAwMDAwMCwidXBkYXRlIjoxODAwMDAwMDAwMDAwfX0=",
          "dependencies": [
            "azurerm_network_interface.my_terraform_nic",
            "azurerm_network_security_group.my_terraform_nsg",
            "azurerm_public_ip.my_terraform_public_ip",
            "azurerm_subnet.internal",
            "azurerm_virtual_network.main"
          ]
        }
      ]
    },
    {
      "mode": "managed",
      "type": "azurerm_network_security_group",
      "name": "my_terraform_nsg",
      "provider": "provider[\"registry.terraform.io/hashicorp/azurerm\"]",
      "instances": [
        {
          "schema_version": 0,
          "attributes": {
            "id": "/subscriptions/29a20b09-0857-4fda-b790-62666cbb1f13/resourceGroups/rg-medical-imaging-rafl/providers/Microsoft.Network/networkSecurityGroups/myNetworkSecurityGroup",
            "location": "westeurope",
            "name": "myNetworkSecurityGroup",
            "resource_group_name": "rg-medical-imaging-rafl",
            "security_rule": [
              {
                "access": "Allow",
                "description": "",
                "destination_address_prefix": "*",
                "destination_address_prefixes": [],
                "destination_application_security_group_ids": [],
                "destination_port_range": "22",
                "destination_port_ranges": [],
                "direction": "Inbound",
                "name": "SSH",
                "priority": 1001,
                "protocol": "Tcp",
                "source_address_prefix": "*",
                "source_address_prefixes": [],
                "source_application_security_group_ids": [],
                "source_port_range": "*",
                "source_port_ranges": []
              }
            ],
            "tags": {
              "contact": "johannes@dataroots.io",
              "customer": "dataroots"
            },
            "timeouts": null
          },
          "sensitive_attributes": [],
          "private": "eyJlMmJmYjczMC1lY2FhLTExZTYtOGY4OC0zNDM2M2JjN2M0YzAiOnsiY3JlYXRlIjoxODAwMDAwMDAwMDAwLCJkZWxldGUiOjE4MDAwMDAwMDAwMDAsInJlYWQiOjMwMDAwMDAwMDAwMCwidXBkYXRlIjoxODAwMDAwMDAwMDAwfX0="
        }
      ]
    },
    {
      "mode": "managed",
      "type": "azurerm_public_ip",
      "name": "my_terraform_public_ip",
      "provider": "provider[\"registry.terraform.io/hashicorp/azurerm\"]",
      "instances": [
        {
          "schema_version": 0,
          "attributes": {
            "allocation_method": "Dynamic",
            "ddos_protection_mode": "VirtualNetworkInherited",
            "ddos_protection_plan_id": null,
            "domain_name_label": null,
            "edge_zone": "",
            "fqdn": null,
            "id": "/subscriptions/29a20b09-0857-4fda-b790-62666cbb1f13/resourceGroups/rg-medical-imaging-rafl/providers/Microsoft.Network/publicIPAddresses/myPublicIP",
            "idle_timeout_in_minutes": 4,
            "ip_address": "",
            "ip_tags": null,
            "ip_version": "IPv4",
            "location": "westeurope",
            "name": "myPublicIP",
            "public_ip_prefix_id": null,
            "resource_group_name": "rg-medical-imaging-rafl",
            "reverse_fqdn": null,
            "sku": "Basic",
            "sku_tier": "Regional",
            "tags": {
              "contact": "johannes@dataroots.io",
              "customer": "dataroots"
            },
            "timeouts": null,
            "zones": null
          },
          "sensitive_attributes": [],
          "private": "eyJlMmJmYjczMC1lY2FhLTExZTYtOGY4OC0zNDM2M2JjN2M0YzAiOnsiY3JlYXRlIjoxODAwMDAwMDAwMDAwLCJkZWxldGUiOjE4MDAwMDAwMDAwMDAsInJlYWQiOjMwMDAwMDAwMDAwMCwidXBkYXRlIjoxODAwMDAwMDAwMDAwfX0="
        }
      ]
    },
    {
      "mode": "managed",
      "type": "azurerm_resource_group",
      "name": "default",
      "provider": "provider[\"registry.terraform.io/hashicorp/azurerm\"]",
      "instances": [
        {
          "schema_version": 0,
          "attributes": {
            "id": "/subscriptions/29a20b09-0857-4fda-b790-62666cbb1f13/resourceGroups/rg-medical-imaging-rafl",
            "location": "westeurope",
            "name": "rg-medical-imaging-rafl",
            "tags": {
              "contact": "johannes@dataroots.io",
              "customer": "dataroots"
            },
            "timeouts": null
          },
          "sensitive_attributes": [],
          "private": "eyJlMmJmYjczMC1lY2FhLTExZTYtOGY4OC0zNDM2M2JjN2M0YzAiOnsiY3JlYXRlIjo1NDAwMDAwMDAwMDAwLCJkZWxldGUiOjU0MDAwMDAwMDAwMDAsInJlYWQiOjMwMDAwMDAwMDAwMCwidXBkYXRlIjo1NDAwMDAwMDAwMDAwfX0="
        }
      ]
    },
    {
      "mode": "managed",
      "type": "azurerm_storage_account",
      "name": "default",
      "provider": "provider[\"registry.terraform.io/hashicorp/azurerm\"]",
      "instances": [
        {
          "index_key": 0,
          "schema_version": 3,
          "attributes": {
            "access_tier": "Hot",
            "account_kind": "StorageV2",
            "account_replication_type": "GRS",
            "account_tier": "Standard",
            "allow_nested_items_to_be_public": false,
            "allowed_copy_scope": "",
            "azure_files_authentication": [],
            "blob_properties": [
              {
                "change_feed_enabled": false,
                "change_feed_retention_in_days": 0,
                "container_delete_retention_policy": [],
                "cors_rule": [],
                "default_service_version": "",
                "delete_retention_policy": [],
                "last_access_time_enabled": false,
                "restore_policy": [],
                "versioning_enabled": false
              }
            ],
            "cross_tenant_replication_enabled": true,
            "custom_domain": [],
            "customer_managed_key": [],
            "default_to_oauth_authentication": false,
            "edge_zone": "",
            "enable_https_traffic_only": true,
            "id": "/subscriptions/29a20b09-0857-4fda-b790-62666cbb1f13/resourceGroups/rg-medical-imaging-rafl/providers/Microsoft.Storage/storageAccounts/rafldev81084392st0",
            "identity": [],
            "immutability_policy": [],
            "infrastructure_encryption_enabled": false,
            "is_hns_enabled": false,
            "large_file_share_enabled": null,
            "location": "westeurope",
            "min_tls_version": "TLS1_2",
            "name": "rafldev81084392st0",
            "network_rules": [
              {
                "bypass": [
                  "AzureServices"
                ],
                "default_action": "Allow",
                "ip_rules": [],
                "private_link_access": [],
                "virtual_network_subnet_ids": []
              }
            ],
            "nfsv3_enabled": false,
            "primary_access_key": "uZJwJ2/Z2MkR2GCMAY/Q1gJ+hyjnjBdd7Poq0C+W7T4bYx/71RVqwIimB7gRl9JbFkU6Z9o+zS69+AStZIHPhg==",
            "primary_blob_connection_string": "DefaultEndpointsProtocol=https;BlobEndpoint=https://rafldev81084392st0.blob.core.windows.net/;AccountName=rafldev81084392st0;AccountKey=uZJwJ2/Z2MkR2GCMAY/Q1gJ+hyjnjBdd7Poq0C+W7T4bYx/71RVqwIimB7gRl9JbFkU6Z9o+zS69+AStZIHPhg==",
            "primary_blob_endpoint": "https://rafldev81084392st0.blob.core.windows.net/",
            "primary_blob_host": "rafldev81084392st0.blob.core.windows.net",
            "primary_connection_string": "DefaultEndpointsProtocol=https;AccountName=rafldev81084392st0;AccountKey=uZJwJ2/Z2MkR2GCMAY/Q1gJ+hyjnjBdd7Poq0C+W7T4bYx/71RVqwIimB7gRl9JbFkU6Z9o+zS69+AStZIHPhg==;EndpointSuffix=core.windows.net",
            "primary_dfs_endpoint": "https://rafldev81084392st0.dfs.core.windows.net/",
            "primary_dfs_host": "rafldev81084392st0.dfs.core.windows.net",
            "primary_file_endpoint": "https://rafldev81084392st0.file.core.windows.net/",
            "primary_file_host": "rafldev81084392st0.file.core.windows.net",
            "primary_location": "westeurope",
            "primary_queue_endpoint": "https://rafldev81084392st0.queue.core.windows.net/",
            "primary_queue_host": "rafldev81084392st0.queue.core.windows.net",
            "primary_table_endpoint": "https://rafldev81084392st0.table.core.windows.net/",
            "primary_table_host": "rafldev81084392st0.table.core.windows.net",
            "primary_web_endpoint": "https://rafldev81084392st0.z6.web.core.windows.net/",
            "primary_web_host": "rafldev81084392st0.z6.web.core.windows.net",
            "public_network_access_enabled": true,
            "queue_encryption_key_type": "Service",
            "queue_properties": [
              {
                "cors_rule": [],
                "hour_metrics": [
                  {
                    "enabled": true,
                    "include_apis": true,
                    "retention_policy_days": 7,
                    "version": "1.0"
                  }
                ],
                "logging": [
                  {
                    "delete": false,
                    "read": false,
                    "retention_policy_days": 0,
                    "version": "1.0",
                    "write": false
                  }
                ],
                "minute_metrics": [
                  {
                    "enabled": false,
                    "include_apis": false,
                    "retention_policy_days": 0,
                    "version": "1.0"
                  }
                ]
              }
            ],
            "resource_group_name": "rg-medical-imaging-rafl",
            "routing": [],
            "sas_policy": [],
            "secondary_access_key": "oKTaoCaQQkw719uNqyn6mVeaJDn3cmbSXkLSfRMpDGedwgYwMULgC/JQlXF5cBdmKdcntRNog6G7+ASt3CVXow==",
            "secondary_blob_connection_string": "",
            "secondary_blob_endpoint": null,
            "secondary_blob_host": null,
            "secondary_connection_string": "DefaultEndpointsProtocol=https;AccountName=rafldev81084392st0;AccountKey=oKTaoCaQQkw719uNqyn6mVeaJDn3cmbSXkLSfRMpDGedwgYwMULgC/JQlXF5cBdmKdcntRNog6G7+ASt3CVXow==;EndpointSuffix=core.windows.net",
            "secondary_dfs_endpoint": null,
            "secondary_dfs_host": null,
            "secondary_file_endpoint": null,
            "secondary_file_host": null,
            "secondary_location": "northeurope",
            "secondary_queue_endpoint": null,
            "secondary_queue_host": null,
            "secondary_table_endpoint": null,
            "secondary_table_host": null,
            "secondary_web_endpoint": null,
            "secondary_web_host": null,
            "sftp_enabled": false,
            "share_properties": [
              {
                "cors_rule": [],
                "retention_policy": [
                  {
                    "days": 7
                  }
                ],
                "smb": []
              }
            ],
            "shared_access_key_enabled": true,
            "static_website": [],
            "table_encryption_key_type": "Service",
            "tags": {
              "contact": "johannes@dataroots.io",
              "customer": "dataroots"
            },
            "timeouts": null
          },
          "sensitive_attributes": [],
          "private": "eyJlMmJmYjczMC1lY2FhLTExZTYtOGY4OC0zNDM2M2JjN2M0YzAiOnsiY3JlYXRlIjozNjAwMDAwMDAwMDAwLCJkZWxldGUiOjM2MDAwMDAwMDAwMDAsInJlYWQiOjMwMDAwMDAwMDAwMCwidXBkYXRlIjozNjAwMDAwMDAwMDAwfSwic2NoZW1hX3ZlcnNpb24iOiIzIn0=",
          "dependencies": [
            "random_integer.suffix"
          ]
        },
        {
          "index_key": 1,
          "schema_version": 3,
          "attributes": {
            "access_tier": "Hot",
            "account_kind": "StorageV2",
            "account_replication_type": "GRS",
            "account_tier": "Standard",
            "allow_nested_items_to_be_public": false,
            "allowed_copy_scope": "",
            "azure_files_authentication": [],
            "blob_properties": [
              {
                "change_feed_enabled": false,
                "change_feed_retention_in_days": 0,
                "container_delete_retention_policy": [],
                "cors_rule": [],
                "default_service_version": "",
                "delete_retention_policy": [],
                "last_access_time_enabled": false,
                "restore_policy": [],
                "versioning_enabled": false
              }
            ],
            "cross_tenant_replication_enabled": true,
            "custom_domain": [],
            "customer_managed_key": [],
            "default_to_oauth_authentication": false,
            "edge_zone": "",
            "enable_https_traffic_only": true,
            "id": "/subscriptions/29a20b09-0857-4fda-b790-62666cbb1f13/resourceGroups/rg-medical-imaging-rafl/providers/Microsoft.Storage/storageAccounts/rafldev81084392st1",
            "identity": [],
            "immutability_policy": [],
            "infrastructure_encryption_enabled": false,
            "is_hns_enabled": false,
            "large_file_share_enabled": null,
            "location": "westeurope",
            "min_tls_version": "TLS1_2",
            "name": "rafldev81084392st1",
            "network_rules": [
              {
                "bypass": [
                  "AzureServices"
                ],
                "default_action": "Allow",
                "ip_rules": [],
                "private_link_access": [],
                "virtual_network_subnet_ids": []
              }
            ],
            "nfsv3_enabled": false,
            "primary_access_key": "tzhB32oXtjG9WJGsnJelfGnZGxLeWORU+oaDXdrgBUl83i+P3fPjRu40QoZT6B3iUx0yzBGeEEo9+AStLkKQyA==",
            "primary_blob_connection_string": "DefaultEndpointsProtocol=https;BlobEndpoint=https://rafldev81084392st1.blob.core.windows.net/;AccountName=rafldev81084392st1;AccountKey=tzhB32oXtjG9WJGsnJelfGnZGxLeWORU+oaDXdrgBUl83i+P3fPjRu40QoZT6B3iUx0yzBGeEEo9+AStLkKQyA==",
            "primary_blob_endpoint": "https://rafldev81084392st1.blob.core.windows.net/",
            "primary_blob_host": "rafldev81084392st1.blob.core.windows.net",
            "primary_connection_string": "DefaultEndpointsProtocol=https;AccountName=rafldev81084392st1;AccountKey=tzhB32oXtjG9WJGsnJelfGnZGxLeWORU+oaDXdrgBUl83i+P3fPjRu40QoZT6B3iUx0yzBGeEEo9+AStLkKQyA==;EndpointSuffix=core.windows.net",
            "primary_dfs_endpoint": "https://rafldev81084392st1.dfs.core.windows.net/",
            "primary_dfs_host": "rafldev81084392st1.dfs.core.windows.net",
            "primary_file_endpoint": "https://rafldev81084392st1.file.core.windows.net/",
            "primary_file_host": "rafldev81084392st1.file.core.windows.net",
            "primary_location": "westeurope",
            "primary_queue_endpoint": "https://rafldev81084392st1.queue.core.windows.net/",
            "primary_queue_host": "rafldev81084392st1.queue.core.windows.net",
            "primary_table_endpoint": "https://rafldev81084392st1.table.core.windows.net/",
            "primary_table_host": "rafldev81084392st1.table.core.windows.net",
            "primary_web_endpoint": "https://rafldev81084392st1.z6.web.core.windows.net/",
            "primary_web_host": "rafldev81084392st1.z6.web.core.windows.net",
            "public_network_access_enabled": true,
            "queue_encryption_key_type": "Service",
            "queue_properties": [
              {
                "cors_rule": [],
                "hour_metrics": [
                  {
                    "enabled": true,
                    "include_apis": true,
                    "retention_policy_days": 7,
                    "version": "1.0"
                  }
                ],
                "logging": [
                  {
                    "delete": false,
                    "read": false,
                    "retention_policy_days": 0,
                    "version": "1.0",
                    "write": false
                  }
                ],
                "minute_metrics": [
                  {
                    "enabled": false,
                    "include_apis": false,
                    "retention_policy_days": 0,
                    "version": "1.0"
                  }
                ]
              }
            ],
            "resource_group_name": "rg-medical-imaging-rafl",
            "routing": [],
            "sas_policy": [],
            "secondary_access_key": "khgd5qZBga7B3uDAfDoRb0+fmTA0ZgIKP5AcfYNEPYrqQ+uOXac1U3rE2U4M9qoLL0jO+58UMa1f+AStwshGUg==",
            "secondary_blob_connection_string": "",
            "secondary_blob_endpoint": null,
            "secondary_blob_host": null,
            "secondary_connection_string": "DefaultEndpointsProtocol=https;AccountName=rafldev81084392st1;AccountKey=khgd5qZBga7B3uDAfDoRb0+fmTA0ZgIKP5AcfYNEPYrqQ+uOXac1U3rE2U4M9qoLL0jO+58UMa1f+AStwshGUg==;EndpointSuffix=core.windows.net",
            "secondary_dfs_endpoint": null,
            "secondary_dfs_host": null,
            "secondary_file_endpoint": null,
            "secondary_file_host": null,
            "secondary_location": "northeurope",
            "secondary_queue_endpoint": null,
            "secondary_queue_host": null,
            "secondary_table_endpoint": null,
            "secondary_table_host": null,
            "secondary_web_endpoint": null,
            "secondary_web_host": null,
            "sftp_enabled": false,
            "share_properties": [
              {
                "cors_rule": [],
                "retention_policy": [
                  {
                    "days": 7
                  }
                ],
                "smb": []
              }
            ],
            "shared_access_key_enabled": true,
            "static_website": [],
            "table_encryption_key_type": "Service",
            "tags": {
              "contact": "johannes@dataroots.io",
              "customer": "dataroots"
            },
            "timeouts": null
          },
          "sensitive_attributes": [],
          "private": "eyJlMmJmYjczMC1lY2FhLTExZTYtOGY4OC0zNDM2M2JjN2M0YzAiOnsiY3JlYXRlIjozNjAwMDAwMDAwMDAwLCJkZWxldGUiOjM2MDAwMDAwMDAwMDAsInJlYWQiOjMwMDAwMDAwMDAwMCwidXBkYXRlIjozNjAwMDAwMDAwMDAwfSwic2NoZW1hX3ZlcnNpb24iOiIzIn0=",
          "dependencies": [
            "random_integer.suffix"
          ]
        },
        {
          "index_key": 2,
          "schema_version": 3,
          "attributes": {
            "access_tier": "Hot",
            "account_kind": "StorageV2",
            "account_replication_type": "GRS",
            "account_tier": "Standard",
            "allow_nested_items_to_be_public": false,
            "allowed_copy_scope": "",
            "azure_files_authentication": [],
            "blob_properties": [
              {
                "change_feed_enabled": false,
                "change_feed_retention_in_days": 0,
                "container_delete_retention_policy": [],
                "cors_rule": [],
                "default_service_version": "",
                "delete_retention_policy": [],
                "last_access_time_enabled": false,
                "restore_policy": [],
                "versioning_enabled": false
              }
            ],
            "cross_tenant_replication_enabled": true,
            "custom_domain": [],
            "customer_managed_key": [],
            "default_to_oauth_authentication": false,
            "edge_zone": "",
            "enable_https_traffic_only": true,
            "id": "/subscriptions/29a20b09-0857-4fda-b790-62666cbb1f13/resourceGroups/rg-medical-imaging-rafl/providers/Microsoft.Storage/storageAccounts/rafldev81084392st2",
            "identity": [],
            "immutability_policy": [],
            "infrastructure_encryption_enabled": false,
            "is_hns_enabled": false,
            "large_file_share_enabled": null,
            "location": "westeurope",
            "min_tls_version": "TLS1_2",
            "name": "rafldev81084392st2",
            "network_rules": [
              {
                "bypass": [
                  "AzureServices"
                ],
                "default_action": "Allow",
                "ip_rules": [],
                "private_link_access": [],
                "virtual_network_subnet_ids": []
              }
            ],
            "nfsv3_enabled": false,
            "primary_access_key": "brcuWy+3gg70PmyVMI9ACrx1tWMIGV6wDXLr4OJ+KLSINHpXdwII0jeUAOiZQyGjFY9pp9FJlRA1+AStLFi0wQ==",
            "primary_blob_connection_string": "DefaultEndpointsProtocol=https;BlobEndpoint=https://rafldev81084392st2.blob.core.windows.net/;AccountName=rafldev81084392st2;AccountKey=brcuWy+3gg70PmyVMI9ACrx1tWMIGV6wDXLr4OJ+KLSINHpXdwII0jeUAOiZQyGjFY9pp9FJlRA1+AStLFi0wQ==",
            "primary_blob_endpoint": "https://rafldev81084392st2.blob.core.windows.net/",
            "primary_blob_host": "rafldev81084392st2.blob.core.windows.net",
            "primary_connection_string": "DefaultEndpointsProtocol=https;AccountName=rafldev81084392st2;AccountKey=brcuWy+3gg70PmyVMI9ACrx1tWMIGV6wDXLr4OJ+KLSINHpXdwII0jeUAOiZQyGjFY9pp9FJlRA1+AStLFi0wQ==;EndpointSuffix=core.windows.net",
            "primary_dfs_endpoint": "https://rafldev81084392st2.dfs.core.windows.net/",
            "primary_dfs_host": "rafldev81084392st2.dfs.core.windows.net",
            "primary_file_endpoint": "https://rafldev81084392st2.file.core.windows.net/",
            "primary_file_host": "rafldev81084392st2.file.core.windows.net",
            "primary_location": "westeurope",
            "primary_queue_endpoint": "https://rafldev81084392st2.queue.core.windows.net/",
            "primary_queue_host": "rafldev81084392st2.queue.core.windows.net",
            "primary_table_endpoint": "https://rafldev81084392st2.table.core.windows.net/",
            "primary_table_host": "rafldev81084392st2.table.core.windows.net",
            "primary_web_endpoint": "https://rafldev81084392st2.z6.web.core.windows.net/",
            "primary_web_host": "rafldev81084392st2.z6.web.core.windows.net",
            "public_network_access_enabled": true,
            "queue_encryption_key_type": "Service",
            "queue_properties": [
              {
                "cors_rule": [],
                "hour_metrics": [
                  {
                    "enabled": true,
                    "include_apis": true,
                    "retention_policy_days": 7,
                    "version": "1.0"
                  }
                ],
                "logging": [
                  {
                    "delete": false,
                    "read": false,
                    "retention_policy_days": 0,
                    "version": "1.0",
                    "write": false
                  }
                ],
                "minute_metrics": [
                  {
                    "enabled": false,
                    "include_apis": false,
                    "retention_policy_days": 0,
                    "version": "1.0"
                  }
                ]
              }
            ],
            "resource_group_name": "rg-medical-imaging-rafl",
            "routing": [],
            "sas_policy": [],
            "secondary_access_key": "zFsQkGKfUmbR0IvBCSArJgtpoDOIdWyWSM3yTsFaa4+6jUg/axz/K7sSMeXAaPT7DlF4d4//Hfbo+AStK4VstA==",
            "secondary_blob_connection_string": "",
            "secondary_blob_endpoint": null,
            "secondary_blob_host": null,
            "secondary_connection_string": "DefaultEndpointsProtocol=https;AccountName=rafldev81084392st2;AccountKey=zFsQkGKfUmbR0IvBCSArJgtpoDOIdWyWSM3yTsFaa4+6jUg/axz/K7sSMeXAaPT7DlF4d4//Hfbo+AStK4VstA==;EndpointSuffix=core.windows.net",
            "secondary_dfs_endpoint": null,
            "secondary_dfs_host": null,
            "secondary_file_endpoint": null,
            "secondary_file_host": null,
            "secondary_location": "northeurope",
            "secondary_queue_endpoint": null,
            "secondary_queue_host": null,
            "secondary_table_endpoint": null,
            "secondary_table_host": null,
            "secondary_web_endpoint": null,
            "secondary_web_host": null,
            "sftp_enabled": false,
            "share_properties": [
              {
                "cors_rule": [],
                "retention_policy": [
                  {
                    "days": 7
                  }
                ],
                "smb": []
              }
            ],
            "shared_access_key_enabled": true,
            "static_website": [],
            "table_encryption_key_type": "Service",
            "tags": {
              "contact": "johannes@dataroots.io",
              "customer": "dataroots"
            },
            "timeouts": null
          },
          "sensitive_attributes": [],
          "private": "eyJlMmJmYjczMC1lY2FhLTExZTYtOGY4OC0zNDM2M2JjN2M0YzAiOnsiY3JlYXRlIjozNjAwMDAwMDAwMDAwLCJkZWxldGUiOjM2MDAwMDAwMDAwMDAsInJlYWQiOjMwMDAwMDAwMDAwMCwidXBkYXRlIjozNjAwMDAwMDAwMDAwfSwic2NoZW1hX3ZlcnNpb24iOiIzIn0=",
          "dependencies": [
            "random_integer.suffix"
          ]
        }
      ]
    },
    {
      "mode": "managed",
      "type": "azurerm_subnet",
      "name": "internal",
      "provider": "provider[\"registry.terraform.io/hashicorp/azurerm\"]",
      "instances": [
        {
          "schema_version": 0,
          "attributes": {
            "address_prefixes": [
              "10.0.2.0/24"
            ],
            "delegation": [],
            "enforce_private_link_endpoint_network_policies": false,
            "enforce_private_link_service_network_policies": false,
            "id": "/subscriptions/29a20b09-0857-4fda-b790-62666cbb1f13/resourceGroups/rg-medical-imaging-rafl/providers/Microsoft.Network/virtualNetworks/vn-rafl-network/subnets/internal",
            "name": "internal",
            "private_endpoint_network_policies_enabled": true,
            "private_link_service_network_policies_enabled": true,
            "resource_group_name": "rg-medical-imaging-rafl",
            "service_endpoint_policy_ids": null,
            "service_endpoints": null,
            "timeouts": null,
            "virtual_network_name": "vn-rafl-network"
          },
          "sensitive_attributes": [],
          "private": "eyJlMmJmYjczMC1lY2FhLTExZTYtOGY4OC0zNDM2M2JjN2M0YzAiOnsiY3JlYXRlIjoxODAwMDAwMDAwMDAwLCJkZWxldGUiOjE4MDAwMDAwMDAwMDAsInJlYWQiOjMwMDAwMDAwMDAwMCwidXBkYXRlIjoxODAwMDAwMDAwMDAwfX0=",
          "dependencies": [
            "azurerm_virtual_network.main"
          ]
        }
      ]
    },
    {
      "mode": "managed",
      "type": "azurerm_virtual_machine",
      "name": "main",
      "provider": "provider[\"registry.terraform.io/hashicorp/azurerm\"]",
      "instances": [
        {
          "schema_version": 0,
          "attributes": {
            "additional_capabilities": [],
            "availability_set_id": null,
            "boot_diagnostics": [],
            "delete_data_disks_on_termination": true,
            "delete_os_disk_on_termination": true,
            "id": "/subscriptions/29a20b09-0857-4fda-b790-62666cbb1f13/resourceGroups/rg-medical-imaging-rafl/providers/Microsoft.Compute/virtualMachines/fedserver",
            "identity": [],
            "license_type": null,
            "location": "westeurope",
            "name": "fedserver",
            "network_interface_ids": [
              "/subscriptions/29a20b09-0857-4fda-b790-62666cbb1f13/resourceGroups/rg-medical-imaging-rafl/providers/Microsoft.Network/networkInterfaces/myNIC"
            ],
            "os_profile": [
              {
                "admin_password": "",
                "admin_username": "fedserveradmin",
                "computer_name": "fedserver",
                "custom_data": ""
              }
            ],
            "os_profile_linux_config": [
              {
                "disable_password_authentication": false,
                "ssh_keys": []
              }
            ],
            "os_profile_secrets": [],
            "os_profile_windows_config": [],
            "plan": [],
            "primary_network_interface_id": null,
            "proximity_placement_group_id": null,
            "resource_group_name": "rg-medical-imaging-rafl",
            "storage_data_disk": [],
            "storage_image_reference": [
              {
                "id": "",
                "offer": "ubuntu-1804",
                "publisher": "microsoft-dsvm",
                "sku": "1804-gen2",
                "version": "latest"
              }
            ],
            "storage_os_disk": [
              {
                "caching": "ReadWrite",
                "create_option": "FromImage",
                "disk_size_gb": 150,
                "image_uri": "",
                "managed_disk_id": "/subscriptions/29a20b09-0857-4fda-b790-62666cbb1f13/resourceGroups/rg-medical-imaging-rafl/providers/Microsoft.Compute/disks/myosdisk1",
                "managed_disk_type": "Standard_LRS",
                "name": "myosdisk1",
                "os_type": "Linux",
                "vhd_uri": "",
                "write_accelerator_enabled": false
              }
            ],
            "tags": {
              "contact": "johannes@dataroots.io",
              "customer": "dataroots",
              "environment": "staging"
            },
            "timeouts": null,
            "vm_size": "Standard_DS1_v2",
            "zones": null
          },
          "sensitive_attributes": [],
          "private": "eyJlMmJmYjczMC1lY2FhLTExZTYtOGY4OC0zNDM2M2JjN2M0YzAiOnsiY3JlYXRlIjozNjAwMDAwMDAwMDAwLCJkZWxldGUiOjM2MDAwMDAwMDAwMDAsInJlYWQiOjMwMDAwMDAwMDAwMCwidXBkYXRlIjozNjAwMDAwMDAwMDAwfX0=",
          "dependencies": [
            "azurerm_network_interface.my_terraform_nic",
            "azurerm_public_ip.my_terraform_public_ip",
            "azurerm_subnet.internal",
            "azurerm_virtual_network.main"
          ]
        }
      ]
    },
    {
      "mode": "managed",
      "type": "azurerm_virtual_network",
      "name": "main",
      "provider": "provider[\"registry.terraform.io/hashicorp/azurerm\"]",
      "instances": [
        {
          "schema_version": 0,
          "attributes": {
            "address_space": [
              "10.0.0.0/16"
            ],
            "bgp_community": "",
            "ddos_protection_plan": [],
            "dns_servers": [],
            "edge_zone": "",
            "flow_timeout_in_minutes": 0,
            "guid": "f53440ea-e32b-4460-81e8-f86e79df1e46",
            "id": "/subscriptions/29a20b09-0857-4fda-b790-62666cbb1f13/resourceGroups/rg-medical-imaging-rafl/providers/Microsoft.Network/virtualNetworks/vn-rafl-network",
            "location": "westeurope",
            "name": "vn-rafl-network",
            "resource_group_name": "rg-medical-imaging-rafl",
            "subnet": [],
            "tags": {
              "contact": "johannes@dataroots.io",
              "customer": "dataroots"
            },
            "timeouts": null
          },
          "sensitive_attributes": [],
          "private": "eyJlMmJmYjczMC1lY2FhLTExZTYtOGY4OC0zNDM2M2JjN2M0YzAiOnsiY3JlYXRlIjoxODAwMDAwMDAwMDAwLCJkZWxldGUiOjE4MDAwMDAwMDAwMDAsInJlYWQiOjMwMDAwMDAwMDAwMCwidXBkYXRlIjoxODAwMDAwMDAwMDAwfX0="
        }
      ]
    },
    {
      "mode": "managed",
      "type": "random_integer",
      "name": "suffix",
      "provider": "provider[\"registry.terraform.io/hashicorp/random\"]",
      "instances": [
        {
          "schema_version": 0,
          "attributes": {
            "id": "81084392",
            "keepers": null,
            "max": 99999999,
            "min": 10000000,
            "result": 81084392,
            "seed": null
          },
          "sensitive_attributes": []
        }
      ]
    }
  ],
  "check_results": null
}
