{
  "version": 4,
  "terraform_version": "1.4.2",
  "serial": 9,
  "lineage": "efa54609-deed-a670-54e5-145ca6f59d21",
  "outputs": {},
  "resources": [
    {
      "mode": "data",
      "type": "azurerm_client_config",
      "name": "current",
      "provider": "provider[\"registry.terraform.io/hashicorp/azurerm\"]",
      "instances": [
        {
          "schema_version": 0,
          "attributes": {
            "client_id": "04b07795-8ddb-461a-bbee-02f9e1bf7b46",
            "id": "Y2xpZW50Q29uZmlncy9jbGllbnRJZD0wNGIwNzc5NS04ZGRiLTQ2MWEtYmJlZS0wMmY5ZTFiZjdiNDY7b2JqZWN0SWQ9NTI2YTQwY2UtYTI0MC00ZjkwLWIxMmYtNjU5Y2M4NzBjNTViO3N1YnNjcmlwdGlvbklkPTI5YTIwYjA5LTA4NTctNGZkYS1iNzkwLTYyNjY2Y2JiMWYxMzt0ZW5hbnRJZD01ZDRkZjI0ZC02NzY5LTQ1ODYtOTQ1NS1kZDZkYjNmMzBmMGU=",
            "object_id": "526a40ce-a240-4f90-b12f-659cc870c55b",
            "subscription_id": "29a20b09-0857-4fda-b790-62666cbb1f13",
            "tenant_id": "5d4df24d-6769-4586-9455-dd6db3f30f0e",
            "timeouts": null
          },
          "sensitive_attributes": []
        }
      ]
    },
    {
      "mode": "managed",
      "type": "azurerm_application_insights",
      "name": "default",
      "provider": "provider[\"registry.terraform.io/hashicorp/azurerm\"]",
      "instances": [
        {
          "schema_version": 1,
          "attributes": {
            "app_id": "48775acf-ee56-44ee-8047-5ccfc0fed44d",
            "application_type": "web",
            "connection_string": "InstrumentationKey=7ef62002-98ac-43d9-abb7-2a54d9e869f3;IngestionEndpoint=https://westeurope-3.in.applicationinsights.azure.com/;LiveEndpoint=https://westeurope.livediagnostics.monitor.azure.com/",
            "daily_data_cap_in_gb": 100,
            "daily_data_cap_notifications_disabled": false,
            "disable_ip_masking": false,
            "force_customer_storage_for_profiler": false,
            "id": "/subscriptions/29a20b09-0857-4fda-b790-62666cbb1f13/resourceGroups/ml-happy-mammal-rg/providers/Microsoft.Insights/components/ml-happy-mammal-appi",
            "instrumentation_key": "7ef62002-98ac-43d9-abb7-2a54d9e869f3",
            "internet_ingestion_enabled": true,
            "internet_query_enabled": true,
            "local_authentication_disabled": false,
            "location": "westeurope",
            "name": "ml-happy-mammal-appi",
            "resource_group_name": "ml-happy-mammal-rg",
            "retention_in_days": 90,
            "sampling_percentage": 100,
            "tags": {
              "contact": "johannes@dataroots.io",
              "customer": "dataroots"
            },
            "timeouts": null,
            "workspace_id": ""
          },
          "sensitive_attributes": [],
          "private": "eyJlMmJmYjczMC1lY2FhLTExZTYtOGY4OC0zNDM2M2JjN2M0YzAiOnsiY3JlYXRlIjozNjAwMDAwMDAwMDAwLCJkZWxldGUiOjE4MDAwMDAwMDAwMDAsInJlYWQiOjMwMDAwMDAwMDAwMCwidXBkYXRlIjoxODAwMDAwMDAwMDAwfSwic2NoZW1hX3ZlcnNpb24iOiIxIn0=",
          "dependencies": [
            "azurerm_resource_group.default",
            "random_pet.prefix"
          ]
        }
      ]
    },
    {
      "mode": "managed",
      "type": "azurerm_container_registry",
      "name": "default",
      "provider": "provider[\"registry.terraform.io/hashicorp/azurerm\"]",
      "instances": [
        {
          "schema_version": 2,
          "attributes": {
            "admin_enabled": true,
            "admin_password": "yY747TtMfZAKnDaz0T//gqszbAI++maVfrYu8H9IMY+ACRBDs3Pk",
            "admin_username": "mldev85611291cr",
            "anonymous_pull_enabled": false,
            "data_endpoint_enabled": false,
            "encryption": [
              {
                "enabled": false,
                "identity_client_id": "",
                "key_vault_key_id": ""
              }
            ],
            "export_policy_enabled": true,
            "georeplications": [],
            "id": "/subscriptions/29a20b09-0857-4fda-b790-62666cbb1f13/resourceGroups/ml-happy-mammal-rg/providers/Microsoft.ContainerRegistry/registries/mldev85611291cr",
            "identity": [],
            "location": "westeurope",
            "login_server": "mldev85611291cr.azurecr.io",
            "name": "mldev85611291cr",
            "network_rule_bypass_option": "AzureServices",
            "network_rule_set": [
              {
                "default_action": "Allow",
                "ip_rule": [],
                "virtual_network": []
              }
            ],
            "public_network_access_enabled": true,
            "quarantine_policy_enabled": false,
            "resource_group_name": "ml-happy-mammal-rg",
            "retention_policy": [
              {
                "days": 7,
                "enabled": false
              }
            ],
            "sku": "Premium",
            "tags": {
              "contact": "johannes@dataroots.io",
              "customer": "dataroots"
            },
            "timeouts": null,
            "trust_policy": [
              {
                "enabled": false
              }
            ],
            "zone_redundancy_enabled": false
          },
          "sensitive_attributes": [],
          "private": "eyJlMmJmYjczMC1lY2FhLTExZTYtOGY4OC0zNDM2M2JjN2M0YzAiOnsiY3JlYXRlIjoxODAwMDAwMDAwMDAwLCJkZWxldGUiOjE4MDAwMDAwMDAwMDAsInJlYWQiOjMwMDAwMDAwMDAwMCwidXBkYXRlIjoxODAwMDAwMDAwMDAwfSwic2NoZW1hX3ZlcnNpb24iOiIyIn0=",
          "dependencies": [
            "azurerm_resource_group.default",
            "random_integer.suffix",
            "random_pet.prefix"
          ]
        }
      ]
    },
    {
      "mode": "managed",
      "type": "azurerm_key_vault",
      "name": "default",
      "provider": "provider[\"registry.terraform.io/hashicorp/azurerm\"]",
      "instances": [
        {
          "schema_version": 2,
          "attributes": {
            "access_policy": [],
            "contact": [],
            "enable_rbac_authorization": false,
            "enabled_for_deployment": false,
            "enabled_for_disk_encryption": false,
            "enabled_for_template_deployment": false,
            "id": "/subscriptions/29a20b09-0857-4fda-b790-62666cbb1f13/resourceGroups/ml-happy-mammal-rg/providers/Microsoft.KeyVault/vaults/mldev85611291kv",
            "location": "westeurope",
            "name": "mldev85611291kv",
            "network_acls": [
              {
                "bypass": "AzureServices",
                "default_action": "Allow",
                "ip_rules": [],
                "virtual_network_subnet_ids": []
              }
            ],
            "public_network_access_enabled": true,
            "purge_protection_enabled": false,
            "resource_group_name": "ml-happy-mammal-rg",
            "sku_name": "premium",
            "soft_delete_retention_days": 90,
            "tags": {
              "contact": "johannes@dataroots.io",
              "customer": "dataroots"
            },
            "tenant_id": "5d4df24d-6769-4586-9455-dd6db3f30f0e",
            "timeouts": null,
            "vault_uri": "https://mldev85611291kv.vault.azure.net/"
          },
          "sensitive_attributes": [],
          "private": "eyJlMmJmYjczMC1lY2FhLTExZTYtOGY4OC0zNDM2M2JjN2M0YzAiOnsiY3JlYXRlIjoxODAwMDAwMDAwMDAwLCJkZWxldGUiOjE4MDAwMDAwMDAwMDAsInJlYWQiOjMwMDAwMDAwMDAwMCwidXBkYXRlIjoxODAwMDAwMDAwMDAwfSwic2NoZW1hX3ZlcnNpb24iOiIyIn0=",
          "dependencies": [
            "azurerm_resource_group.default",
            "data.azurerm_client_config.current",
            "random_integer.suffix",
            "random_pet.prefix"
          ]
        }
      ]
    },
    {
      "mode": "managed",
      "type": "azurerm_machine_learning_workspace",
      "name": "default",
      "provider": "provider[\"registry.terraform.io/hashicorp/azurerm\"]",
      "instances": [
        {
          "schema_version": 0,
          "attributes": {
            "application_insights_id": "/subscriptions/29a20b09-0857-4fda-b790-62666cbb1f13/resourceGroups/ml-happy-mammal-rg/providers/Microsoft.insights/components/ml-happy-mammal-appi",
            "container_registry_id": "/subscriptions/29a20b09-0857-4fda-b790-62666cbb1f13/resourceGroups/ml-happy-mammal-rg/providers/Microsoft.ContainerRegistry/registries/mldev85611291cr",
            "description": "",
            "discovery_url": "https://westeurope.api.azureml.ms/discovery",
            "encryption": [],
            "friendly_name": "",
            "high_business_impact": false,
            "id": "/subscriptions/29a20b09-0857-4fda-b790-62666cbb1f13/resourceGroups/ml-happy-mammal-rg/providers/Microsoft.MachineLearningServices/workspaces/ml-happy-mammal-mlw",
            "identity": [
              {
                "identity_ids": null,
                "principal_id": "1fe06473-dae4-4200-87a9-341d1a8e62f7",
                "tenant_id": "5d4df24d-6769-4586-9455-dd6db3f30f0e",
                "type": "SystemAssigned"
              }
            ],
            "image_build_compute_name": "",
            "key_vault_id": "/subscriptions/29a20b09-0857-4fda-b790-62666cbb1f13/resourceGroups/ml-happy-mammal-rg/providers/Microsoft.Keyvault/vaults/mldev85611291kv",
            "location": "westeurope",
            "name": "ml-happy-mammal-mlw",
            "primary_user_assigned_identity": "",
            "public_access_behind_virtual_network_enabled": false,
            "public_network_access_enabled": true,
            "resource_group_name": "ml-happy-mammal-rg",
            "sku_name": "Basic",
            "storage_account_id": "/subscriptions/29a20b09-0857-4fda-b790-62666cbb1f13/resourceGroups/ml-happy-mammal-rg/providers/Microsoft.Storage/storageAccounts/mldev85611291st",
            "tags": {
              "contact": "johannes@dataroots.io",
              "customer": "dataroots"
            },
            "timeouts": null,
            "v1_legacy_mode_enabled": false
          },
          "sensitive_attributes": [],
          "private": "eyJlMmJmYjczMC1lY2FhLTExZTYtOGY4OC0zNDM2M2JjN2M0YzAiOnsiY3JlYXRlIjoxODAwMDAwMDAwMDAwLCJkZWxldGUiOjE4MDAwMDAwMDAwMDAsInJlYWQiOjMwMDAwMDAwMDAwMCwidXBkYXRlIjoxODAwMDAwMDAwMDAwfX0=",
          "dependencies": [
            "azurerm_application_insights.default",
            "azurerm_container_registry.default",
            "azurerm_key_vault.default",
            "azurerm_resource_group.default",
            "azurerm_storage_account.default",
            "data.azurerm_client_config.current",
            "random_integer.suffix",
            "random_pet.prefix"
          ]
        }
      ]
    },
    {
      "mode": "managed",
      "type": "azurerm_resource_group",
      "name": "default",
      "provider": "provider[\"registry.terraform.io/hashicorp/azurerm\"]",
      "instances": [
        {
          "schema_version": 0,
          "attributes": {
            "id": "/subscriptions/29a20b09-0857-4fda-b790-62666cbb1f13/resourceGroups/ml-happy-mammal-rg",
            "location": "westeurope",
            "name": "ml-happy-mammal-rg",
            "tags": {
              "contact": "johannes@dataroots.io",
              "customer": "dataroots"
            },
            "timeouts": null
          },
          "sensitive_attributes": [],
          "private": "eyJlMmJmYjczMC1lY2FhLTExZTYtOGY4OC0zNDM2M2JjN2M0YzAiOnsiY3JlYXRlIjo1NDAwMDAwMDAwMDAwLCJkZWxldGUiOjU0MDAwMDAwMDAwMDAsInJlYWQiOjMwMDAwMDAwMDAwMCwidXBkYXRlIjo1NDAwMDAwMDAwMDAwfX0=",
          "dependencies": [
            "random_pet.prefix"
          ]
        }
      ]
    },
    {
      "mode": "managed",
      "type": "azurerm_storage_account",
      "name": "default",
      "provider": "provider[\"registry.terraform.io/hashicorp/azurerm\"]",
      "instances": [
        {
          "schema_version": 3,
          "attributes": {
            "access_tier": "Hot",
            "account_kind": "StorageV2",
            "account_replication_type": "GRS",
            "account_tier": "Standard",
            "allow_nested_items_to_be_public": false,
            "allowed_copy_scope": "",
            "azure_files_authentication": [],
            "blob_properties": [
              {
                "change_feed_enabled": false,
                "change_feed_retention_in_days": 0,
                "container_delete_retention_policy": [],
                "cors_rule": [],
                "default_service_version": "",
                "delete_retention_policy": [],
                "last_access_time_enabled": false,
                "restore_policy": [],
                "versioning_enabled": false
              }
            ],
            "cross_tenant_replication_enabled": true,
            "custom_domain": [],
            "customer_managed_key": [],
            "default_to_oauth_authentication": false,
            "edge_zone": "",
            "enable_https_traffic_only": true,
            "id": "/subscriptions/29a20b09-0857-4fda-b790-62666cbb1f13/resourceGroups/ml-happy-mammal-rg/providers/Microsoft.Storage/storageAccounts/mldev85611291st",
            "identity": [],
            "immutability_policy": [],
            "infrastructure_encryption_enabled": false,
            "is_hns_enabled": false,
            "large_file_share_enabled": null,
            "location": "westeurope",
            "min_tls_version": "TLS1_2",
            "name": "mldev85611291st",
            "network_rules": [
              {
                "bypass": [
                  "AzureServices"
                ],
                "default_action": "Allow",
                "ip_rules": [],
                "private_link_access": [],
                "virtual_network_subnet_ids": []
              }
            ],
            "nfsv3_enabled": false,
            "primary_access_key": "18LdobXZXFO9Q3uoSNSowx8g7ZYqZZ+gJO6I1nBNDWGYRQ1Q0kuAKdgtmrGcEM9tssIsYTJm3kme+AStjR6agQ==",
            "primary_blob_connection_string": "DefaultEndpointsProtocol=https;BlobEndpoint=https://mldev85611291st.blob.core.windows.net/;AccountName=mldev85611291st;AccountKey=18LdobXZXFO9Q3uoSNSowx8g7ZYqZZ+gJO6I1nBNDWGYRQ1Q0kuAKdgtmrGcEM9tssIsYTJm3kme+AStjR6agQ==",
            "primary_blob_endpoint": "https://mldev85611291st.blob.core.windows.net/",
            "primary_blob_host": "mldev85611291st.blob.core.windows.net",
            "primary_connection_string": "DefaultEndpointsProtocol=https;AccountName=mldev85611291st;AccountKey=18LdobXZXFO9Q3uoSNSowx8g7ZYqZZ+gJO6I1nBNDWGYRQ1Q0kuAKdgtmrGcEM9tssIsYTJm3kme+AStjR6agQ==;EndpointSuffix=core.windows.net",
            "primary_dfs_endpoint": "https://mldev85611291st.dfs.core.windows.net/",
            "primary_dfs_host": "mldev85611291st.dfs.core.windows.net",
            "primary_file_endpoint": "https://mldev85611291st.file.core.windows.net/",
            "primary_file_host": "mldev85611291st.file.core.windows.net",
            "primary_location": "westeurope",
            "primary_queue_endpoint": "https://mldev85611291st.queue.core.windows.net/",
            "primary_queue_host": "mldev85611291st.queue.core.windows.net",
            "primary_table_endpoint": "https://mldev85611291st.table.core.windows.net/",
            "primary_table_host": "mldev85611291st.table.core.windows.net",
            "primary_web_endpoint": "https://mldev85611291st.z6.web.core.windows.net/",
            "primary_web_host": "mldev85611291st.z6.web.core.windows.net",
            "public_network_access_enabled": true,
            "queue_encryption_key_type": "Service",
            "queue_properties": [
              {
                "cors_rule": [],
                "hour_metrics": [
                  {
                    "enabled": true,
                    "include_apis": true,
                    "retention_policy_days": 7,
                    "version": "1.0"
                  }
                ],
                "logging": [
                  {
                    "delete": false,
                    "read": false,
                    "retention_policy_days": 0,
                    "version": "1.0",
                    "write": false
                  }
                ],
                "minute_metrics": [
                  {
                    "enabled": false,
                    "include_apis": false,
                    "retention_policy_days": 0,
                    "version": "1.0"
                  }
                ]
              }
            ],
            "resource_group_name": "ml-happy-mammal-rg",
            "routing": [],
            "sas_policy": [],
            "secondary_access_key": "ocC6V8H6wUkxk3jMz5VwvW0F13EbulAZZd1WrLbKsaLrvfVxZKaz0RB4k50p7LJma702PtPnqZMM+AStpMeqSw==",
            "secondary_blob_connection_string": "",
            "secondary_blob_endpoint": null,
            "secondary_blob_host": null,
            "secondary_connection_string": "DefaultEndpointsProtocol=https;AccountName=mldev85611291st;AccountKey=ocC6V8H6wUkxk3jMz5VwvW0F13EbulAZZd1WrLbKsaLrvfVxZKaz0RB4k50p7LJma702PtPnqZMM+AStpMeqSw==;EndpointSuffix=core.windows.net",
            "secondary_dfs_endpoint": null,
            "secondary_dfs_host": null,
            "secondary_file_endpoint": null,
            "secondary_file_host": null,
            "secondary_location": "northeurope",
            "secondary_queue_endpoint": null,
            "secondary_queue_host": null,
            "secondary_table_endpoint": null,
            "secondary_table_host": null,
            "secondary_web_endpoint": null,
            "secondary_web_host": null,
            "sftp_enabled": false,
            "share_properties": [
              {
                "cors_rule": [],
                "retention_policy": [
                  {
                    "days": 7
                  }
                ],
                "smb": []
              }
            ],
            "shared_access_key_enabled": true,
            "static_website": [],
            "table_encryption_key_type": "Service",
            "tags": {
              "contact": "johannes@dataroots.io",
              "customer": "dataroots"
            },
            "timeouts": null
          },
          "sensitive_attributes": [],
          "private": "eyJlMmJmYjczMC1lY2FhLTExZTYtOGY4OC0zNDM2M2JjN2M0YzAiOnsiY3JlYXRlIjozNjAwMDAwMDAwMDAwLCJkZWxldGUiOjM2MDAwMDAwMDAwMDAsInJlYWQiOjMwMDAwMDAwMDAwMCwidXBkYXRlIjozNjAwMDAwMDAwMDAwfSwic2NoZW1hX3ZlcnNpb24iOiIzIn0=",
          "dependencies": [
            "azurerm_resource_group.default",
            "random_integer.suffix",
            "random_pet.prefix"
          ]
        }
      ]
    },
    {
      "mode": "managed",
      "type": "random_integer",
      "name": "suffix",
      "provider": "provider[\"registry.terraform.io/hashicorp/random\"]",
      "instances": [
        {
          "schema_version": 0,
          "attributes": {
            "id": "85611291",
            "keepers": null,
            "max": 99999999,
            "min": 10000000,
            "result": 85611291,
            "seed": null
          },
          "sensitive_attributes": []
        }
      ]
    },
    {
      "mode": "managed",
      "type": "random_pet",
      "name": "prefix",
      "provider": "provider[\"registry.terraform.io/hashicorp/random\"]",
      "instances": [
        {
          "schema_version": 0,
          "attributes": {
            "id": "ml-happy-mammal",
            "keepers": null,
            "length": 2,
            "prefix": "ml",
            "separator": "-"
          },
          "sensitive_attributes": []
        }
      ]
    }
  ],
  "check_results": null
}
