{
  "version": 4,
  "terraform_version": "1.4.4",
  "serial": 108,
  "lineage": "8de680dc-fdc5-1832-4f97-d609c366ed04",
  "outputs": {},
  "resources": [
    {
      "mode": "data",
      "type": "azurerm_client_config",
      "name": "current",
      "provider": "provider[\"registry.terraform.io/hashicorp/azurerm\"]",
      "instances": [
        {
          "schema_version": 0,
          "attributes": {
            "client_id": "04b07795-8ddb-461a-bbee-02f9e1bf7b46",
            "id": "Y2xpZW50Q29uZmlncy9jbGllbnRJZD0wNGIwNzc5NS04ZGRiLTQ2MWEtYmJlZS0wMmY5ZTFiZjdiNDY7b2JqZWN0SWQ9NTI2YTQwY2UtYTI0MC00ZjkwLWIxMmYtNjU5Y2M4NzBjNTViO3N1YnNjcmlwdGlvbklkPTI5YTIwYjA5LTA4NTctNGZkYS1iNzkwLTYyNjY2Y2JiMWYxMzt0ZW5hbnRJZD01ZDRkZjI0ZC02NzY5LTQ1ODYtOTQ1NS1kZDZkYjNmMzBmMGU=",
            "object_id": "526a40ce-a240-4f90-b12f-659cc870c55b",
            "subscription_id": "29a20b09-0857-4fda-b790-62666cbb1f13",
            "tenant_id": "5d4df24d-6769-4586-9455-dd6db3f30f0e",
            "timeouts": null
          },
          "sensitive_attributes": []
        }
      ]
    },
    {
      "mode": "managed",
      "type": "azurerm_application_insights",
      "name": "default",
      "provider": "provider[\"registry.terraform.io/hashicorp/azurerm\"]",
      "instances": [
        {
          "index_key": 0,
          "schema_version": 1,
          "attributes": {
            "app_id": "044f64d1-f15c-4593-8b8a-9b38b821af62",
            "application_type": "web",
            "connection_string": "InstrumentationKey=50e3e3a2-cc5d-4cb7-8061-280a2fad4224;IngestionEndpoint=https://westeurope-4.in.applicationinsights.azure.com/;LiveEndpoint=https://westeurope.livediagnostics.monitor.azure.com/",
            "daily_data_cap_in_gb": 100,
            "daily_data_cap_notifications_disabled": false,
            "disable_ip_masking": false,
            "force_customer_storage_for_profiler": false,
            "id": "/subscriptions/29a20b09-0857-4fda-b790-62666cbb1f13/resourceGroups/rg-medical-imaging-rafl/providers/Microsoft.Insights/components/medical-imaging-rafl-appi0",
            "instrumentation_key": "50e3e3a2-cc5d-4cb7-8061-280a2fad4224",
            "internet_ingestion_enabled": true,
            "internet_query_enabled": true,
            "local_authentication_disabled": false,
            "location": "westeurope",
            "name": "medical-imaging-rafl-appi0",
            "resource_group_name": "rg-medical-imaging-rafl",
            "retention_in_days": 90,
            "sampling_percentage": 100,
            "tags": {
              "contact": "johannes@dataroots.io",
              "customer": "dataroots"
            },
            "timeouts": null,
            "workspace_id": ""
          },
          "sensitive_attributes": [],
          "private": "eyJlMmJmYjczMC1lY2FhLTExZTYtOGY4OC0zNDM2M2JjN2M0YzAiOnsiY3JlYXRlIjozNjAwMDAwMDAwMDAwLCJkZWxldGUiOjE4MDAwMDAwMDAwMDAsInJlYWQiOjMwMDAwMDAwMDAwMCwidXBkYXRlIjoxODAwMDAwMDAwMDAwfSwic2NoZW1hX3ZlcnNpb24iOiIxIn0="
        },
        {
          "index_key": 1,
          "schema_version": 1,
          "attributes": {
            "app_id": "064b683f-9a0f-4ffd-8641-ea22b4607bb3",
            "application_type": "web",
            "connection_string": "InstrumentationKey=ce87f983-31e1-4b42-b8c4-22f092d620cb;IngestionEndpoint=https://westeurope-1.in.applicationinsights.azure.com/;LiveEndpoint=https://westeurope.livediagnostics.monitor.azure.com/",
            "daily_data_cap_in_gb": 100,
            "daily_data_cap_notifications_disabled": false,
            "disable_ip_masking": false,
            "force_customer_storage_for_profiler": false,
            "id": "/subscriptions/29a20b09-0857-4fda-b790-62666cbb1f13/resourceGroups/rg-medical-imaging-rafl/providers/Microsoft.Insights/components/medical-imaging-rafl-appi1",
            "instrumentation_key": "ce87f983-31e1-4b42-b8c4-22f092d620cb",
            "internet_ingestion_enabled": true,
            "internet_query_enabled": true,
            "local_authentication_disabled": false,
            "location": "westeurope",
            "name": "medical-imaging-rafl-appi1",
            "resource_group_name": "rg-medical-imaging-rafl",
            "retention_in_days": 90,
            "sampling_percentage": 100,
            "tags": {
              "contact": "johannes@dataroots.io",
              "customer": "dataroots"
            },
            "timeouts": null,
            "workspace_id": ""
          },
          "sensitive_attributes": [],
          "private": "eyJlMmJmYjczMC1lY2FhLTExZTYtOGY4OC0zNDM2M2JjN2M0YzAiOnsiY3JlYXRlIjozNjAwMDAwMDAwMDAwLCJkZWxldGUiOjE4MDAwMDAwMDAwMDAsInJlYWQiOjMwMDAwMDAwMDAwMCwidXBkYXRlIjoxODAwMDAwMDAwMDAwfSwic2NoZW1hX3ZlcnNpb24iOiIxIn0="
        },
        {
          "index_key": 2,
          "schema_version": 1,
          "attributes": {
            "app_id": "ae38ab42-b553-44e8-aeb0-15a6e019d5af",
            "application_type": "web",
            "connection_string": "InstrumentationKey=e07b0ab1-f271-469d-8498-7dc5ca13dd43;IngestionEndpoint=https://westeurope-4.in.applicationinsights.azure.com/;LiveEndpoint=https://westeurope.livediagnostics.monitor.azure.com/",
            "daily_data_cap_in_gb": 100,
            "daily_data_cap_notifications_disabled": false,
            "disable_ip_masking": false,
            "force_customer_storage_for_profiler": false,
            "id": "/subscriptions/29a20b09-0857-4fda-b790-62666cbb1f13/resourceGroups/rg-medical-imaging-rafl/providers/Microsoft.Insights/components/medical-imaging-rafl-appi2",
            "instrumentation_key": "e07b0ab1-f271-469d-8498-7dc5ca13dd43",
            "internet_ingestion_enabled": true,
            "internet_query_enabled": true,
            "local_authentication_disabled": false,
            "location": "westeurope",
            "name": "medical-imaging-rafl-appi2",
            "resource_group_name": "rg-medical-imaging-rafl",
            "retention_in_days": 90,
            "sampling_percentage": 100,
            "tags": {
              "contact": "johannes@dataroots.io",
              "customer": "dataroots"
            },
            "timeouts": null,
            "workspace_id": ""
          },
          "sensitive_attributes": [],
          "private": "eyJlMmJmYjczMC1lY2FhLTExZTYtOGY4OC0zNDM2M2JjN2M0YzAiOnsiY3JlYXRlIjozNjAwMDAwMDAwMDAwLCJkZWxldGUiOjE4MDAwMDAwMDAwMDAsInJlYWQiOjMwMDAwMDAwMDAwMCwidXBkYXRlIjoxODAwMDAwMDAwMDAwfSwic2NoZW1hX3ZlcnNpb24iOiIxIn0="
        }
      ]
    },
    {
      "mode": "managed",
      "type": "azurerm_container_registry",
      "name": "default",
      "provider": "provider[\"registry.terraform.io/hashicorp/azurerm\"]",
      "instances": [
        {
          "index_key": 0,
          "schema_version": 2,
          "attributes": {
            "admin_enabled": true,
            "admin_password": "YvE1BIiEt0WmjgyHWJREI+qFoniZI1qUvROQ9N85Ga+ACRAgSZ58",
            "admin_username": "rafldev39242483cr0",
            "anonymous_pull_enabled": false,
            "data_endpoint_enabled": false,
            "encryption": [
              {
                "enabled": false,
                "identity_client_id": "",
                "key_vault_key_id": ""
              }
            ],
            "export_policy_enabled": true,
            "georeplications": [],
            "id": "/subscriptions/29a20b09-0857-4fda-b790-62666cbb1f13/resourceGroups/rg-medical-imaging-rafl/providers/Microsoft.ContainerRegistry/registries/rafldev39242483cr0",
            "identity": [],
            "location": "westeurope",
            "login_server": "rafldev39242483cr0.azurecr.io",
            "name": "rafldev39242483cr0",
            "network_rule_bypass_option": "AzureServices",
            "network_rule_set": [
              {
                "default_action": "Allow",
                "ip_rule": [],
                "virtual_network": []
              }
            ],
            "public_network_access_enabled": true,
            "quarantine_policy_enabled": false,
            "resource_group_name": "rg-medical-imaging-rafl",
            "retention_policy": [
              {
                "days": 7,
                "enabled": false
              }
            ],
            "sku": "Premium",
            "tags": {
              "contact": "johannes@dataroots.io",
              "customer": "dataroots"
            },
            "timeouts": null,
            "trust_policy": [
              {
                "enabled": false
              }
            ],
            "zone_redundancy_enabled": false
          },
          "sensitive_attributes": [],
          "private": "eyJlMmJmYjczMC1lY2FhLTExZTYtOGY4OC0zNDM2M2JjN2M0YzAiOnsiY3JlYXRlIjoxODAwMDAwMDAwMDAwLCJkZWxldGUiOjE4MDAwMDAwMDAwMDAsInJlYWQiOjMwMDAwMDAwMDAwMCwidXBkYXRlIjoxODAwMDAwMDAwMDAwfSwic2NoZW1hX3ZlcnNpb24iOiIyIn0=",
          "dependencies": [
            "random_integer.suffix"
          ]
        },
        {
          "index_key": 1,
          "schema_version": 2,
          "attributes": {
            "admin_enabled": true,
            "admin_password": "sgHFDaA8B9InpwAbR9Jws51bugdoItM8htosvTGPsX+ACRADDOYA",
            "admin_username": "rafldev39242483cr1",
            "anonymous_pull_enabled": false,
            "data_endpoint_enabled": false,
            "encryption": [
              {
                "enabled": false,
                "identity_client_id": "",
                "key_vault_key_id": ""
              }
            ],
            "export_policy_enabled": true,
            "georeplications": [],
            "id": "/subscriptions/29a20b09-0857-4fda-b790-62666cbb1f13/resourceGroups/rg-medical-imaging-rafl/providers/Microsoft.ContainerRegistry/registries/rafldev39242483cr1",
            "identity": [],
            "location": "westeurope",
            "login_server": "rafldev39242483cr1.azurecr.io",
            "name": "rafldev39242483cr1",
            "network_rule_bypass_option": "AzureServices",
            "network_rule_set": [
              {
                "default_action": "Allow",
                "ip_rule": [],
                "virtual_network": []
              }
            ],
            "public_network_access_enabled": true,
            "quarantine_policy_enabled": false,
            "resource_group_name": "rg-medical-imaging-rafl",
            "retention_policy": [
              {
                "days": 7,
                "enabled": false
              }
            ],
            "sku": "Premium",
            "tags": {
              "contact": "johannes@dataroots.io",
              "customer": "dataroots"
            },
            "timeouts": null,
            "trust_policy": [
              {
                "enabled": false
              }
            ],
            "zone_redundancy_enabled": false
          },
          "sensitive_attributes": [],
          "private": "eyJlMmJmYjczMC1lY2FhLTExZTYtOGY4OC0zNDM2M2JjN2M0YzAiOnsiY3JlYXRlIjoxODAwMDAwMDAwMDAwLCJkZWxldGUiOjE4MDAwMDAwMDAwMDAsInJlYWQiOjMwMDAwMDAwMDAwMCwidXBkYXRlIjoxODAwMDAwMDAwMDAwfSwic2NoZW1hX3ZlcnNpb24iOiIyIn0=",
          "dependencies": [
            "random_integer.suffix"
          ]
        },
        {
          "index_key": 2,
          "schema_version": 2,
          "attributes": {
            "admin_enabled": true,
            "admin_password": "WqJXR9ZoWYb8AVWBp4/TSU5TQDGdvgvacvdNVNmTJn+ACRAObBX7",
            "admin_username": "rafldev39242483cr2",
            "anonymous_pull_enabled": false,
            "data_endpoint_enabled": false,
            "encryption": [
              {
                "enabled": false,
                "identity_client_id": "",
                "key_vault_key_id": ""
              }
            ],
            "export_policy_enabled": true,
            "georeplications": [],
            "id": "/subscriptions/29a20b09-0857-4fda-b790-62666cbb1f13/resourceGroups/rg-medical-imaging-rafl/providers/Microsoft.ContainerRegistry/registries/rafldev39242483cr2",
            "identity": [],
            "location": "westeurope",
            "login_server": "rafldev39242483cr2.azurecr.io",
            "name": "rafldev39242483cr2",
            "network_rule_bypass_option": "AzureServices",
            "network_rule_set": [
              {
                "default_action": "Allow",
                "ip_rule": [],
                "virtual_network": []
              }
            ],
            "public_network_access_enabled": true,
            "quarantine_policy_enabled": false,
            "resource_group_name": "rg-medical-imaging-rafl",
            "retention_policy": [
              {
                "days": 7,
                "enabled": false
              }
            ],
            "sku": "Premium",
            "tags": {
              "contact": "johannes@dataroots.io",
              "customer": "dataroots"
            },
            "timeouts": null,
            "trust_policy": [
              {
                "enabled": false
              }
            ],
            "zone_redundancy_enabled": false
          },
          "sensitive_attributes": [],
          "private": "eyJlMmJmYjczMC1lY2FhLTExZTYtOGY4OC0zNDM2M2JjN2M0YzAiOnsiY3JlYXRlIjoxODAwMDAwMDAwMDAwLCJkZWxldGUiOjE4MDAwMDAwMDAwMDAsInJlYWQiOjMwMDAwMDAwMDAwMCwidXBkYXRlIjoxODAwMDAwMDAwMDAwfSwic2NoZW1hX3ZlcnNpb24iOiIyIn0=",
          "dependencies": [
            "random_integer.suffix"
          ]
        }
      ]
    },
    {
      "mode": "managed",
      "type": "azurerm_key_vault",
      "name": "default",
      "provider": "provider[\"registry.terraform.io/hashicorp/azurerm\"]",
      "instances": [
        {
          "index_key": 0,
          "schema_version": 2,
          "attributes": {
            "access_policy": [],
            "contact": [],
            "enable_rbac_authorization": false,
            "enabled_for_deployment": false,
            "enabled_for_disk_encryption": false,
            "enabled_for_template_deployment": false,
            "id": "/subscriptions/29a20b09-0857-4fda-b790-62666cbb1f13/resourceGroups/rg-medical-imaging-rafl/providers/Microsoft.KeyVault/vaults/rafldev39242483kv0",
            "location": "westeurope",
            "name": "rafldev39242483kv0",
            "network_acls": [
              {
                "bypass": "AzureServices",
                "default_action": "Allow",
                "ip_rules": [],
                "virtual_network_subnet_ids": []
              }
            ],
            "public_network_access_enabled": true,
            "purge_protection_enabled": false,
            "resource_group_name": "rg-medical-imaging-rafl",
            "sku_name": "premium",
            "soft_delete_retention_days": 90,
            "tags": {
              "contact": "johannes@dataroots.io",
              "customer": "dataroots"
            },
            "tenant_id": "5d4df24d-6769-4586-9455-dd6db3f30f0e",
            "timeouts": null,
            "vault_uri": "https://rafldev39242483kv0.vault.azure.net/"
          },
          "sensitive_attributes": [],
          "private": "eyJlMmJmYjczMC1lY2FhLTExZTYtOGY4OC0zNDM2M2JjN2M0YzAiOnsiY3JlYXRlIjoxODAwMDAwMDAwMDAwLCJkZWxldGUiOjE4MDAwMDAwMDAwMDAsInJlYWQiOjMwMDAwMDAwMDAwMCwidXBkYXRlIjoxODAwMDAwMDAwMDAwfSwic2NoZW1hX3ZlcnNpb24iOiIyIn0=",
          "dependencies": [
            "data.azurerm_client_config.current",
            "random_integer.suffix"
          ]
        },
        {
          "index_key": 1,
          "schema_version": 2,
          "attributes": {
            "access_policy": [],
            "contact": [],
            "enable_rbac_authorization": false,
            "enabled_for_deployment": false,
            "enabled_for_disk_encryption": false,
            "enabled_for_template_deployment": false,
            "id": "/subscriptions/29a20b09-0857-4fda-b790-62666cbb1f13/resourceGroups/rg-medical-imaging-rafl/providers/Microsoft.KeyVault/vaults/rafldev39242483kv1",
            "location": "westeurope",
            "name": "rafldev39242483kv1",
            "network_acls": [
              {
                "bypass": "AzureServices",
                "default_action": "Allow",
                "ip_rules": [],
                "virtual_network_subnet_ids": []
              }
            ],
            "public_network_access_enabled": true,
            "purge_protection_enabled": false,
            "resource_group_name": "rg-medical-imaging-rafl",
            "sku_name": "premium",
            "soft_delete_retention_days": 90,
            "tags": {
              "contact": "johannes@dataroots.io",
              "customer": "dataroots"
            },
            "tenant_id": "5d4df24d-6769-4586-9455-dd6db3f30f0e",
            "timeouts": null,
            "vault_uri": "https://rafldev39242483kv1.vault.azure.net/"
          },
          "sensitive_attributes": [],
          "private": "eyJlMmJmYjczMC1lY2FhLTExZTYtOGY4OC0zNDM2M2JjN2M0YzAiOnsiY3JlYXRlIjoxODAwMDAwMDAwMDAwLCJkZWxldGUiOjE4MDAwMDAwMDAwMDAsInJlYWQiOjMwMDAwMDAwMDAwMCwidXBkYXRlIjoxODAwMDAwMDAwMDAwfSwic2NoZW1hX3ZlcnNpb24iOiIyIn0=",
          "dependencies": [
            "data.azurerm_client_config.current",
            "random_integer.suffix"
          ]
        },
        {
          "index_key": 2,
          "schema_version": 2,
          "attributes": {
            "access_policy": [],
            "contact": [],
            "enable_rbac_authorization": false,
            "enabled_for_deployment": false,
            "enabled_for_disk_encryption": false,
            "enabled_for_template_deployment": false,
            "id": "/subscriptions/29a20b09-0857-4fda-b790-62666cbb1f13/resourceGroups/rg-medical-imaging-rafl/providers/Microsoft.KeyVault/vaults/rafldev39242483kv2",
            "location": "westeurope",
            "name": "rafldev39242483kv2",
            "network_acls": [
              {
                "bypass": "AzureServices",
                "default_action": "Allow",
                "ip_rules": [],
                "virtual_network_subnet_ids": []
              }
            ],
            "public_network_access_enabled": true,
            "purge_protection_enabled": false,
            "resource_group_name": "rg-medical-imaging-rafl",
            "sku_name": "premium",
            "soft_delete_retention_days": 90,
            "tags": {
              "contact": "johannes@dataroots.io",
              "customer": "dataroots"
            },
            "tenant_id": "5d4df24d-6769-4586-9455-dd6db3f30f0e",
            "timeouts": null,
            "vault_uri": "https://rafldev39242483kv2.vault.azure.net/"
          },
          "sensitive_attributes": [],
          "private": "eyJlMmJmYjczMC1lY2FhLTExZTYtOGY4OC0zNDM2M2JjN2M0YzAiOnsiY3JlYXRlIjoxODAwMDAwMDAwMDAwLCJkZWxldGUiOjE4MDAwMDAwMDAwMDAsInJlYWQiOjMwMDAwMDAwMDAwMCwidXBkYXRlIjoxODAwMDAwMDAwMDAwfSwic2NoZW1hX3ZlcnNpb24iOiIyIn0=",
          "dependencies": [
            "data.azurerm_client_config.current",
            "random_integer.suffix"
          ]
        }
      ]
    },
    {
      "mode": "managed",
      "type": "azurerm_machine_learning_compute_instance",
      "name": "example",
      "provider": "provider[\"registry.terraform.io/hashicorp/azurerm\"]",
      "instances": [
        {
          "index_key": 0,
          "schema_version": 0,
          "attributes": {
            "assign_to_user": [],
            "authorization_type": "personal",
            "description": "foo",
            "id": "/subscriptions/29a20b09-0857-4fda-b790-62666cbb1f13/resourceGroups/rg-medical-imaging-rafl/providers/Microsoft.MachineLearningServices/workspaces/medical-imaging-rafl-mlw0/computes/rafl-ci0",
            "identity": [],
            "local_auth_enabled": true,
            "location": "westeurope",
            "machine_learning_workspace_id": "/subscriptions/29a20b09-0857-4fda-b790-62666cbb1f13/resourceGroups/rg-medical-imaging-rafl/providers/Microsoft.MachineLearningServices/workspaces/medical-imaging-rafl-mlw0",
            "name": "rafl-ci0",
            "ssh": [
              {
                "port": 50001,
                "public_key": "ssh-rsa AAAAB3NzaC1yc2EAAAADAQABAAABAQDINKzQrELUzXryr14n02OgBbEdfmOal7GhdhbGbGpaTmZnC36uKUld54reEf/zeV+crXSrozH25rJDnFA8swz+9QdFAFWXpYFcH8iFmG0wNxN15a6QxRNNtzV0AJbNGtpIwQyJVn8X0IsU1lT1gPkKxUly68M0mOkO1dE1AE1/PMF9aZTnN/Ga+BFHj8kIZAEvFERom9jCNt3INxdTzBIEYZTn8uSO3TDTLw+ZrcNJGNuWT+08RBRxUgH/th0CNxmJeXvBJ1DoKz+pWNx1ohScoO6gzhrozSfSzFM3nXQj3Yrh9YGvEjYrMwf/JX7XoNaxdln6XcdCoHZl8eZIv+wn generated-key",
                "username": "azureuser"
              }
            ],
            "subnet_resource_id": "/subscriptions/29a20b09-0857-4fda-b790-62666cbb1f13/resourceGroups/rg-medical-imaging-rafl/providers/Microsoft.Network/virtualNetworks/vn-rafl-network/subnets/internal",
            "tags": {
              "foo": "bar"
            },
            "timeouts": null,
            "virtual_machine_size": "STANDARD_DS2_V2"
          },
          "sensitive_attributes": [],
          "private": "eyJlMmJmYjczMC1lY2FhLTExZTYtOGY4OC0zNDM2M2JjN2M0YzAiOnsiY3JlYXRlIjoxODAwMDAwMDAwMDAwLCJkZWxldGUiOjE4MDAwMDAwMDAwMDAsInJlYWQiOjMwMDAwMDAwMDAwMH19",
          "dependencies": [
            "azurerm_application_insights.default",
            "azurerm_container_registry.default",
            "azurerm_key_vault.default",
            "azurerm_machine_learning_workspace.default",
            "azurerm_storage_account.default",
            "azurerm_subnet.internal",
            "azurerm_virtual_network.main",
            "data.azurerm_client_config.current",
            "random_integer.suffix"
          ]
        },
        {
          "index_key": 1,
          "schema_version": 0,
          "attributes": {
            "assign_to_user": [],
            "authorization_type": "personal",
            "description": "foo",
            "id": "/subscriptions/29a20b09-0857-4fda-b790-62666cbb1f13/resourceGroups/rg-medical-imaging-rafl/providers/Microsoft.MachineLearningServices/workspaces/medical-imaging-rafl-mlw1/computes/rafl-ci1",
            "identity": [],
            "local_auth_enabled": true,
            "location": "westeurope",
            "machine_learning_workspace_id": "/subscriptions/29a20b09-0857-4fda-b790-62666cbb1f13/resourceGroups/rg-medical-imaging-rafl/providers/Microsoft.MachineLearningServices/workspaces/medical-imaging-rafl-mlw1",
            "name": "rafl-ci1",
            "ssh": [
              {
                "port": 50001,
                "public_key": "ssh-rsa AAAAB3NzaC1yc2EAAAADAQABAAABAQDIvOm8B8THQvSd0xr+T1SjT/G2yvsGDR4FUnZkIreQrumvqoY074W6/QUKikWxl4jPjx+uB7bsQWC/8jX8SlQfoT9U7rZxniFbyO46DuktAREjPYE6XdDLXyK32q7kQfXsVegquv5xZAS9j+zmO5E3PPRqCE8JZF0LcXiyWRgqq0tAEZ55YFbhuxqgeEAIAYURqQnDBuXvOdCYrq/YZpXm86enhvGOzJRWZMURD7flEf/wfJmLonZsY0vUacg1g40igm4wiMB03hKBX72i8MQbpdPj1cyLbgEO+XsPQnfpPLwznf9QrNxJNtJbgls0L8RtHoRtyecbbdfJ/1aY+ACj generated-key",
                "username": "azureuser"
              }
            ],
            "subnet_resource_id": "/subscriptions/29a20b09-0857-4fda-b790-62666cbb1f13/resourceGroups/rg-medical-imaging-rafl/providers/Microsoft.Network/virtualNetworks/vn-rafl-network/subnets/internal",
            "tags": {
              "foo": "bar"
            },
            "timeouts": null,
            "virtual_machine_size": "STANDARD_DS2_V2"
          },
          "sensitive_attributes": [],
          "private": "eyJlMmJmYjczMC1lY2FhLTExZTYtOGY4OC0zNDM2M2JjN2M0YzAiOnsiY3JlYXRlIjoxODAwMDAwMDAwMDAwLCJkZWxldGUiOjE4MDAwMDAwMDAwMDAsInJlYWQiOjMwMDAwMDAwMDAwMH19",
          "dependencies": [
            "azurerm_application_insights.default",
            "azurerm_container_registry.default",
            "azurerm_key_vault.default",
            "azurerm_machine_learning_workspace.default",
            "azurerm_storage_account.default",
            "azurerm_subnet.internal",
            "azurerm_virtual_network.main",
            "data.azurerm_client_config.current",
            "random_integer.suffix"
          ]
        },
        {
          "index_key": 2,
          "schema_version": 0,
          "attributes": {
            "assign_to_user": [],
            "authorization_type": "personal",
            "description": "foo",
            "id": "/subscriptions/29a20b09-0857-4fda-b790-62666cbb1f13/resourceGroups/rg-medical-imaging-rafl/providers/Microsoft.MachineLearningServices/workspaces/medical-imaging-rafl-mlw2/computes/rafl-ci2",
            "identity": [],
            "local_auth_enabled": true,
            "location": "westeurope",
            "machine_learning_workspace_id": "/subscriptions/29a20b09-0857-4fda-b790-62666cbb1f13/resourceGroups/rg-medical-imaging-rafl/providers/Microsoft.MachineLearningServices/workspaces/medical-imaging-rafl-mlw2",
            "name": "rafl-ci2",
            "ssh": [
              {
                "port": 50001,
                "public_key": "ssh-rsa AAAAB3NzaC1yc2EAAAADAQABAAABAQDl5U0xE/2XaDq34LcStYiYiV47T+vCn6dEapmnwnByWoEaaDtDFv5npi/pxTJjaiThJPDg/ZEUbHrBQBVWkzkiOF+VJX2tiP40jVEjsg0Js+ijwFurNo8yLNgRr6AuiAfA1R+gZYlQ5wxV3cYa0UwULdYv1LT93cBCqjWRRra67oaFLGMOYGSBvCWt9qqQJ2diX05GABNVg36ei4Y1pu7eJYDIQhU9qcPI1i/ltONn4atKDfBrAi6lbhoE0R+amkxqIo2xZqW6qijmNP3E0wXca7md39Z23vYYpxRopaw5oo09JCiZMNHugWYqCEJGJ5vR6nwkF/LWoXoZvaN4Sg8z generated-key",
                "username": "azureuser"
              }
            ],
            "subnet_resource_id": "/subscriptions/29a20b09-0857-4fda-b790-62666cbb1f13/resourceGroups/rg-medical-imaging-rafl/providers/Microsoft.Network/virtualNetworks/vn-rafl-network/subnets/internal",
            "tags": {
              "foo": "bar"
            },
            "timeouts": null,
            "virtual_machine_size": "STANDARD_DS2_V2"
          },
          "sensitive_attributes": [],
          "private": "eyJlMmJmYjczMC1lY2FhLTExZTYtOGY4OC0zNDM2M2JjN2M0YzAiOnsiY3JlYXRlIjoxODAwMDAwMDAwMDAwLCJkZWxldGUiOjE4MDAwMDAwMDAwMDAsInJlYWQiOjMwMDAwMDAwMDAwMH19",
          "dependencies": [
            "azurerm_application_insights.default",
            "azurerm_container_registry.default",
            "azurerm_key_vault.default",
            "azurerm_machine_learning_workspace.default",
            "azurerm_storage_account.default",
            "azurerm_subnet.internal",
            "azurerm_virtual_network.main",
            "data.azurerm_client_config.current",
            "random_integer.suffix"
          ]
        }
      ]
    },
    {
      "mode": "managed",
      "type": "azurerm_machine_learning_workspace",
      "name": "default",
      "provider": "provider[\"registry.terraform.io/hashicorp/azurerm\"]",
      "instances": [
        {
          "index_key": 0,
          "schema_version": 0,
          "attributes": {
            "application_insights_id": "/subscriptions/29a20b09-0857-4fda-b790-62666cbb1f13/resourceGroups/rg-medical-imaging-rafl/providers/Microsoft.insights/components/medical-imaging-rafl-appi0",
            "container_registry_id": "/subscriptions/29a20b09-0857-4fda-b790-62666cbb1f13/resourceGroups/rg-medical-imaging-rafl/providers/Microsoft.ContainerRegistry/registries/rafldev39242483cr0",
            "description": "",
            "discovery_url": "https://westeurope.api.azureml.ms/discovery",
            "encryption": [],
            "friendly_name": "",
            "high_business_impact": false,
            "id": "/subscriptions/29a20b09-0857-4fda-b790-62666cbb1f13/resourceGroups/rg-medical-imaging-rafl/providers/Microsoft.MachineLearningServices/workspaces/medical-imaging-rafl-mlw0",
            "identity": [
              {
                "identity_ids": null,
                "principal_id": "32c4db0f-9616-4167-9852-beb5fdf35ec5",
                "tenant_id": "5d4df24d-6769-4586-9455-dd6db3f30f0e",
                "type": "SystemAssigned"
              }
            ],
            "image_build_compute_name": "",
            "key_vault_id": "/subscriptions/29a20b09-0857-4fda-b790-62666cbb1f13/resourceGroups/rg-medical-imaging-rafl/providers/Microsoft.Keyvault/vaults/rafldev39242483kv0",
            "location": "westeurope",
            "name": "medical-imaging-rafl-mlw0",
            "primary_user_assigned_identity": "",
            "public_access_behind_virtual_network_enabled": false,
            "public_network_access_enabled": true,
            "resource_group_name": "rg-medical-imaging-rafl",
            "sku_name": "Basic",
            "storage_account_id": "/subscriptions/29a20b09-0857-4fda-b790-62666cbb1f13/resourceGroups/rg-medical-imaging-rafl/providers/Microsoft.Storage/storageAccounts/rafldev39242483st0",
            "tags": {
              "contact": "johannes@dataroots.io",
              "customer": "dataroots"
            },
            "timeouts": null,
            "v1_legacy_mode_enabled": false
          },
          "sensitive_attributes": [],
          "private": "eyJlMmJmYjczMC1lY2FhLTExZTYtOGY4OC0zNDM2M2JjN2M0YzAiOnsiY3JlYXRlIjoxODAwMDAwMDAwMDAwLCJkZWxldGUiOjE4MDAwMDAwMDAwMDAsInJlYWQiOjMwMDAwMDAwMDAwMCwidXBkYXRlIjoxODAwMDAwMDAwMDAwfX0=",
          "dependencies": [
            "azurerm_application_insights.default",
            "azurerm_container_registry.default",
            "azurerm_key_vault.default",
            "azurerm_storage_account.default",
            "data.azurerm_client_config.current",
            "random_integer.suffix"
          ]
        },
        {
          "index_key": 1,
          "schema_version": 0,
          "attributes": {
            "application_insights_id": "/subscriptions/29a20b09-0857-4fda-b790-62666cbb1f13/resourceGroups/rg-medical-imaging-rafl/providers/Microsoft.insights/components/medical-imaging-rafl-appi1",
            "container_registry_id": "/subscriptions/29a20b09-0857-4fda-b790-62666cbb1f13/resourceGroups/rg-medical-imaging-rafl/providers/Microsoft.ContainerRegistry/registries/rafldev39242483cr1",
            "description": "",
            "discovery_url": "https://westeurope.api.azureml.ms/discovery",
            "encryption": [],
            "friendly_name": "",
            "high_business_impact": false,
            "id": "/subscriptions/29a20b09-0857-4fda-b790-62666cbb1f13/resourceGroups/rg-medical-imaging-rafl/providers/Microsoft.MachineLearningServices/workspaces/medical-imaging-rafl-mlw1",
            "identity": [
              {
                "identity_ids": null,
                "principal_id": "257ba54d-4672-4a74-be13-64fcfb1aead9",
                "tenant_id": "5d4df24d-6769-4586-9455-dd6db3f30f0e",
                "type": "SystemAssigned"
              }
            ],
            "image_build_compute_name": "",
            "key_vault_id": "/subscriptions/29a20b09-0857-4fda-b790-62666cbb1f13/resourceGroups/rg-medical-imaging-rafl/providers/Microsoft.Keyvault/vaults/rafldev39242483kv1",
            "location": "westeurope",
            "name": "medical-imaging-rafl-mlw1",
            "primary_user_assigned_identity": "",
            "public_access_behind_virtual_network_enabled": false,
            "public_network_access_enabled": true,
            "resource_group_name": "rg-medical-imaging-rafl",
            "sku_name": "Basic",
            "storage_account_id": "/subscriptions/29a20b09-0857-4fda-b790-62666cbb1f13/resourceGroups/rg-medical-imaging-rafl/providers/Microsoft.Storage/storageAccounts/rafldev39242483st1",
            "tags": {
              "contact": "johannes@dataroots.io",
              "customer": "dataroots"
            },
            "timeouts": null,
            "v1_legacy_mode_enabled": false
          },
          "sensitive_attributes": [],
          "private": "eyJlMmJmYjczMC1lY2FhLTExZTYtOGY4OC0zNDM2M2JjN2M0YzAiOnsiY3JlYXRlIjoxODAwMDAwMDAwMDAwLCJkZWxldGUiOjE4MDAwMDAwMDAwMDAsInJlYWQiOjMwMDAwMDAwMDAwMCwidXBkYXRlIjoxODAwMDAwMDAwMDAwfX0=",
          "dependencies": [
            "azurerm_application_insights.default",
            "azurerm_container_registry.default",
            "azurerm_key_vault.default",
            "azurerm_storage_account.default",
            "data.azurerm_client_config.current",
            "random_integer.suffix"
          ]
        },
        {
          "index_key": 2,
          "schema_version": 0,
          "attributes": {
            "application_insights_id": "/subscriptions/29a20b09-0857-4fda-b790-62666cbb1f13/resourceGroups/rg-medical-imaging-rafl/providers/Microsoft.insights/components/medical-imaging-rafl-appi2",
            "container_registry_id": "/subscriptions/29a20b09-0857-4fda-b790-62666cbb1f13/resourceGroups/rg-medical-imaging-rafl/providers/Microsoft.ContainerRegistry/registries/rafldev39242483cr2",
            "description": "",
            "discovery_url": "https://westeurope.api.azureml.ms/discovery",
            "encryption": [],
            "friendly_name": "",
            "high_business_impact": false,
            "id": "/subscriptions/29a20b09-0857-4fda-b790-62666cbb1f13/resourceGroups/rg-medical-imaging-rafl/providers/Microsoft.MachineLearningServices/workspaces/medical-imaging-rafl-mlw2",
            "identity": [
              {
                "identity_ids": null,
                "principal_id": "ae23663f-7488-401e-a6f9-13f3c40f2754",
                "tenant_id": "5d4df24d-6769-4586-9455-dd6db3f30f0e",
                "type": "SystemAssigned"
              }
            ],
            "image_build_compute_name": "",
            "key_vault_id": "/subscriptions/29a20b09-0857-4fda-b790-62666cbb1f13/resourceGroups/rg-medical-imaging-rafl/providers/Microsoft.Keyvault/vaults/rafldev39242483kv2",
            "location": "westeurope",
            "name": "medical-imaging-rafl-mlw2",
            "primary_user_assigned_identity": "",
            "public_access_behind_virtual_network_enabled": false,
            "public_network_access_enabled": true,
            "resource_group_name": "rg-medical-imaging-rafl",
            "sku_name": "Basic",
            "storage_account_id": "/subscriptions/29a20b09-0857-4fda-b790-62666cbb1f13/resourceGroups/rg-medical-imaging-rafl/providers/Microsoft.Storage/storageAccounts/rafldev39242483st2",
            "tags": {
              "contact": "johannes@dataroots.io",
              "customer": "dataroots"
            },
            "timeouts": null,
            "v1_legacy_mode_enabled": false
          },
          "sensitive_attributes": [],
          "private": "eyJlMmJmYjczMC1lY2FhLTExZTYtOGY4OC0zNDM2M2JjN2M0YzAiOnsiY3JlYXRlIjoxODAwMDAwMDAwMDAwLCJkZWxldGUiOjE4MDAwMDAwMDAwMDAsInJlYWQiOjMwMDAwMDAwMDAwMCwidXBkYXRlIjoxODAwMDAwMDAwMDAwfX0=",
          "dependencies": [
            "azurerm_application_insights.default",
            "azurerm_container_registry.default",
            "azurerm_key_vault.default",
            "azurerm_storage_account.default",
            "data.azurerm_client_config.current",
            "random_integer.suffix"
          ]
        }
      ]
    },
    {
      "mode": "managed",
      "type": "azurerm_network_interface",
      "name": "main",
      "provider": "provider[\"registry.terraform.io/hashicorp/azurerm\"]",
      "instances": [
        {
          "schema_version": 0,
          "attributes": {
            "applied_dns_servers": [],
            "dns_servers": [],
            "edge_zone": "",
            "enable_accelerated_networking": false,
            "enable_ip_forwarding": false,
            "id": "/subscriptions/29a20b09-0857-4fda-b790-62666cbb1f13/resourceGroups/rg-medical-imaging-rafl/providers/Microsoft.Network/networkInterfaces/rafl-nic",
            "internal_dns_name_label": "",
            "internal_domain_name_suffix": "epguvchgwehevooljbojnuxw4f.ax.internal.cloudapp.net",
            "ip_configuration": [
              {
                "gateway_load_balancer_frontend_ip_configuration_id": "",
                "name": "testconfiguration1",
                "primary": true,
                "private_ip_address": "10.0.2.4",
                "private_ip_address_allocation": "Dynamic",
                "private_ip_address_version": "IPv4",
                "public_ip_address_id": "",
                "subnet_id": "/subscriptions/29a20b09-0857-4fda-b790-62666cbb1f13/resourceGroups/rg-medical-imaging-rafl/providers/Microsoft.Network/virtualNetworks/vn-rafl-network/subnets/internal"
              }
            ],
            "location": "westeurope",
            "mac_address": "",
            "name": "rafl-nic",
            "private_ip_address": "10.0.2.4",
            "private_ip_addresses": [
              "10.0.2.4"
            ],
            "resource_group_name": "rg-medical-imaging-rafl",
            "tags": {
              "contact": "johannes@dataroots.io",
              "customer": "dataroots"
            },
            "timeouts": null,
            "virtual_machine_id": ""
          },
          "sensitive_attributes": [],
          "private": "eyJlMmJmYjczMC1lY2FhLTExZTYtOGY4OC0zNDM2M2JjN2M0YzAiOnsiY3JlYXRlIjoxODAwMDAwMDAwMDAwLCJkZWxldGUiOjE4MDAwMDAwMDAwMDAsInJlYWQiOjMwMDAwMDAwMDAwMCwidXBkYXRlIjoxODAwMDAwMDAwMDAwfX0=",
          "dependencies": [
            "azurerm_resource_group.default",
            "azurerm_subnet.internal",
            "azurerm_virtual_network.main"
          ]
        }
      ]
    },
    {
      "mode": "managed",
      "type": "azurerm_resource_group",
      "name": "default",
      "provider": "provider[\"registry.terraform.io/hashicorp/azurerm\"]",
      "instances": [
        {
          "schema_version": 0,
          "attributes": {
            "id": "/subscriptions/29a20b09-0857-4fda-b790-62666cbb1f13/resourceGroups/rg-medical-imaging-rafl",
            "location": "westeurope",
            "name": "rg-medical-imaging-rafl",
            "tags": {
              "contact": "johannes@dataroots.io",
              "customer": "dataroots"
            },
            "timeouts": null
          },
          "sensitive_attributes": [],
          "private": "eyJlMmJmYjczMC1lY2FhLTExZTYtOGY4OC0zNDM2M2JjN2M0YzAiOnsiY3JlYXRlIjo1NDAwMDAwMDAwMDAwLCJkZWxldGUiOjU0MDAwMDAwMDAwMDAsInJlYWQiOjMwMDAwMDAwMDAwMCwidXBkYXRlIjo1NDAwMDAwMDAwMDAwfX0="
        }
      ]
    },
    {
      "mode": "managed",
      "type": "azurerm_storage_account",
      "name": "default",
      "provider": "provider[\"registry.terraform.io/hashicorp/azurerm\"]",
      "instances": [
        {
          "index_key": 0,
          "schema_version": 3,
          "attributes": {
            "access_tier": "Hot",
            "account_kind": "StorageV2",
            "account_replication_type": "GRS",
            "account_tier": "Standard",
            "allow_nested_items_to_be_public": false,
            "allowed_copy_scope": "",
            "azure_files_authentication": [],
            "blob_properties": [
              {
                "change_feed_enabled": false,
                "change_feed_retention_in_days": 0,
                "container_delete_retention_policy": [],
                "cors_rule": [],
                "default_service_version": "",
                "delete_retention_policy": [],
                "last_access_time_enabled": false,
                "restore_policy": [],
                "versioning_enabled": false
              }
            ],
            "cross_tenant_replication_enabled": true,
            "custom_domain": [],
            "customer_managed_key": [],
            "default_to_oauth_authentication": false,
            "edge_zone": "",
            "enable_https_traffic_only": true,
            "id": "/subscriptions/29a20b09-0857-4fda-b790-62666cbb1f13/resourceGroups/rg-medical-imaging-rafl/providers/Microsoft.Storage/storageAccounts/rafldev39242483st0",
            "identity": [],
            "immutability_policy": [],
            "infrastructure_encryption_enabled": false,
            "is_hns_enabled": false,
            "large_file_share_enabled": null,
            "location": "westeurope",
            "min_tls_version": "TLS1_2",
            "name": "rafldev39242483st0",
            "network_rules": [
              {
                "bypass": [
                  "AzureServices"
                ],
                "default_action": "Allow",
                "ip_rules": [],
                "private_link_access": [],
                "virtual_network_subnet_ids": []
              }
            ],
            "nfsv3_enabled": false,
            "primary_access_key": "JIi5tsU/O2okRYZ3I7aeEJ8Rlr8cmmoqi4G8c4KuVYOCJ/ck1Y9wnQFZRzsEpV/7Bh4FXfBQpxyZ+ASt4u7B5w==",
            "primary_blob_connection_string": "DefaultEndpointsProtocol=https;BlobEndpoint=https://rafldev39242483st0.blob.core.windows.net/;AccountName=rafldev39242483st0;AccountKey=JIi5tsU/O2okRYZ3I7aeEJ8Rlr8cmmoqi4G8c4KuVYOCJ/ck1Y9wnQFZRzsEpV/7Bh4FXfBQpxyZ+ASt4u7B5w==",
            "primary_blob_endpoint": "https://rafldev39242483st0.blob.core.windows.net/",
            "primary_blob_host": "rafldev39242483st0.blob.core.windows.net",
            "primary_connection_string": "DefaultEndpointsProtocol=https;AccountName=rafldev39242483st0;AccountKey=JIi5tsU/O2okRYZ3I7aeEJ8Rlr8cmmoqi4G8c4KuVYOCJ/ck1Y9wnQFZRzsEpV/7Bh4FXfBQpxyZ+ASt4u7B5w==;EndpointSuffix=core.windows.net",
            "primary_dfs_endpoint": "https://rafldev39242483st0.dfs.core.windows.net/",
            "primary_dfs_host": "rafldev39242483st0.dfs.core.windows.net",
            "primary_file_endpoint": "https://rafldev39242483st0.file.core.windows.net/",
            "primary_file_host": "rafldev39242483st0.file.core.windows.net",
            "primary_location": "westeurope",
            "primary_queue_endpoint": "https://rafldev39242483st0.queue.core.windows.net/",
            "primary_queue_host": "rafldev39242483st0.queue.core.windows.net",
            "primary_table_endpoint": "https://rafldev39242483st0.table.core.windows.net/",
            "primary_table_host": "rafldev39242483st0.table.core.windows.net",
            "primary_web_endpoint": "https://rafldev39242483st0.z6.web.core.windows.net/",
            "primary_web_host": "rafldev39242483st0.z6.web.core.windows.net",
            "public_network_access_enabled": true,
            "queue_encryption_key_type": "Service",
            "queue_properties": [
              {
                "cors_rule": [],
                "hour_metrics": [
                  {
                    "enabled": true,
                    "include_apis": true,
                    "retention_policy_days": 7,
                    "version": "1.0"
                  }
                ],
                "logging": [
                  {
                    "delete": false,
                    "read": false,
                    "retention_policy_days": 0,
                    "version": "1.0",
                    "write": false
                  }
                ],
                "minute_metrics": [
                  {
                    "enabled": false,
                    "include_apis": false,
                    "retention_policy_days": 0,
                    "version": "1.0"
                  }
                ]
              }
            ],
            "resource_group_name": "rg-medical-imaging-rafl",
            "routing": [],
            "sas_policy": [],
            "secondary_access_key": "A+1OT7dq6H2VQGdVcTbpu3jL8jNHf5jAc9k3lr//ZcMRCjJ9YrI/Apc1Qd5pXDwIPORFNE3vI8iN+AStNyepeA==",
            "secondary_blob_connection_string": "",
            "secondary_blob_endpoint": null,
            "secondary_blob_host": null,
            "secondary_connection_string": "DefaultEndpointsProtocol=https;AccountName=rafldev39242483st0;AccountKey=A+1OT7dq6H2VQGdVcTbpu3jL8jNHf5jAc9k3lr//ZcMRCjJ9YrI/Apc1Qd5pXDwIPORFNE3vI8iN+AStNyepeA==;EndpointSuffix=core.windows.net",
            "secondary_dfs_endpoint": null,
            "secondary_dfs_host": null,
            "secondary_file_endpoint": null,
            "secondary_file_host": null,
            "secondary_location": "northeurope",
            "secondary_queue_endpoint": null,
            "secondary_queue_host": null,
            "secondary_table_endpoint": null,
            "secondary_table_host": null,
            "secondary_web_endpoint": null,
            "secondary_web_host": null,
            "sftp_enabled": false,
            "share_properties": [
              {
                "cors_rule": [],
                "retention_policy": [
                  {
                    "days": 7
                  }
                ],
                "smb": []
              }
            ],
            "shared_access_key_enabled": true,
            "static_website": [],
            "table_encryption_key_type": "Service",
            "tags": {
              "contact": "johannes@dataroots.io",
              "customer": "dataroots"
            },
            "timeouts": null
          },
          "sensitive_attributes": [],
          "private": "eyJlMmJmYjczMC1lY2FhLTExZTYtOGY4OC0zNDM2M2JjN2M0YzAiOnsiY3JlYXRlIjozNjAwMDAwMDAwMDAwLCJkZWxldGUiOjM2MDAwMDAwMDAwMDAsInJlYWQiOjMwMDAwMDAwMDAwMCwidXBkYXRlIjozNjAwMDAwMDAwMDAwfSwic2NoZW1hX3ZlcnNpb24iOiIzIn0=",
          "dependencies": [
            "random_integer.suffix"
          ]
        },
        {
          "index_key": 1,
          "schema_version": 3,
          "attributes": {
            "access_tier": "Hot",
            "account_kind": "StorageV2",
            "account_replication_type": "GRS",
            "account_tier": "Standard",
            "allow_nested_items_to_be_public": false,
            "allowed_copy_scope": "",
            "azure_files_authentication": [],
            "blob_properties": [
              {
                "change_feed_enabled": false,
                "change_feed_retention_in_days": 0,
                "container_delete_retention_policy": [],
                "cors_rule": [],
                "default_service_version": "",
                "delete_retention_policy": [],
                "last_access_time_enabled": false,
                "restore_policy": [],
                "versioning_enabled": false
              }
            ],
            "cross_tenant_replication_enabled": true,
            "custom_domain": [],
            "customer_managed_key": [],
            "default_to_oauth_authentication": false,
            "edge_zone": "",
            "enable_https_traffic_only": true,
            "id": "/subscriptions/29a20b09-0857-4fda-b790-62666cbb1f13/resourceGroups/rg-medical-imaging-rafl/providers/Microsoft.Storage/storageAccounts/rafldev39242483st1",
            "identity": [],
            "immutability_policy": [],
            "infrastructure_encryption_enabled": false,
            "is_hns_enabled": false,
            "large_file_share_enabled": null,
            "location": "westeurope",
            "min_tls_version": "TLS1_2",
            "name": "rafldev39242483st1",
            "network_rules": [
              {
                "bypass": [
                  "AzureServices"
                ],
                "default_action": "Allow",
                "ip_rules": [],
                "private_link_access": [],
                "virtual_network_subnet_ids": []
              }
            ],
            "nfsv3_enabled": false,
            "primary_access_key": "1b30gJwVHgWDBwbdZpbElq87XdzD2Lcl7NlagF80h+NuWv0y8HFoJRaKlOvc+SRk2cJmZqoitmXt+ASt+cX54A==",
            "primary_blob_connection_string": "DefaultEndpointsProtocol=https;BlobEndpoint=https://rafldev39242483st1.blob.core.windows.net/;AccountName=rafldev39242483st1;AccountKey=1b30gJwVHgWDBwbdZpbElq87XdzD2Lcl7NlagF80h+NuWv0y8HFoJRaKlOvc+SRk2cJmZqoitmXt+ASt+cX54A==",
            "primary_blob_endpoint": "https://rafldev39242483st1.blob.core.windows.net/",
            "primary_blob_host": "rafldev39242483st1.blob.core.windows.net",
            "primary_connection_string": "DefaultEndpointsProtocol=https;AccountName=rafldev39242483st1;AccountKey=1b30gJwVHgWDBwbdZpbElq87XdzD2Lcl7NlagF80h+NuWv0y8HFoJRaKlOvc+SRk2cJmZqoitmXt+ASt+cX54A==;EndpointSuffix=core.windows.net",
            "primary_dfs_endpoint": "https://rafldev39242483st1.dfs.core.windows.net/",
            "primary_dfs_host": "rafldev39242483st1.dfs.core.windows.net",
            "primary_file_endpoint": "https://rafldev39242483st1.file.core.windows.net/",
            "primary_file_host": "rafldev39242483st1.file.core.windows.net",
            "primary_location": "westeurope",
            "primary_queue_endpoint": "https://rafldev39242483st1.queue.core.windows.net/",
            "primary_queue_host": "rafldev39242483st1.queue.core.windows.net",
            "primary_table_endpoint": "https://rafldev39242483st1.table.core.windows.net/",
            "primary_table_host": "rafldev39242483st1.table.core.windows.net",
            "primary_web_endpoint": "https://rafldev39242483st1.z6.web.core.windows.net/",
            "primary_web_host": "rafldev39242483st1.z6.web.core.windows.net",
            "public_network_access_enabled": true,
            "queue_encryption_key_type": "Service",
            "queue_properties": [
              {
                "cors_rule": [],
                "hour_metrics": [
                  {
                    "enabled": true,
                    "include_apis": true,
                    "retention_policy_days": 7,
                    "version": "1.0"
                  }
                ],
                "logging": [
                  {
                    "delete": false,
                    "read": false,
                    "retention_policy_days": 0,
                    "version": "1.0",
                    "write": false
                  }
                ],
                "minute_metrics": [
                  {
                    "enabled": false,
                    "include_apis": false,
                    "retention_policy_days": 0,
                    "version": "1.0"
                  }
                ]
              }
            ],
            "resource_group_name": "rg-medical-imaging-rafl",
            "routing": [],
            "sas_policy": [],
            "secondary_access_key": "I9mT885DVQoWGlnbCvilrGE6o5z+TR7iL/haMu4Qc/JjzuZPPaB6wXIvuhcB73SSB5EaigFDFLWX+AStaNKvCw==",
            "secondary_blob_connection_string": "",
            "secondary_blob_endpoint": null,
            "secondary_blob_host": null,
            "secondary_connection_string": "DefaultEndpointsProtocol=https;AccountName=rafldev39242483st1;AccountKey=I9mT885DVQoWGlnbCvilrGE6o5z+TR7iL/haMu4Qc/JjzuZPPaB6wXIvuhcB73SSB5EaigFDFLWX+AStaNKvCw==;EndpointSuffix=core.windows.net",
            "secondary_dfs_endpoint": null,
            "secondary_dfs_host": null,
            "secondary_file_endpoint": null,
            "secondary_file_host": null,
            "secondary_location": "northeurope",
            "secondary_queue_endpoint": null,
            "secondary_queue_host": null,
            "secondary_table_endpoint": null,
            "secondary_table_host": null,
            "secondary_web_endpoint": null,
            "secondary_web_host": null,
            "sftp_enabled": false,
            "share_properties": [
              {
                "cors_rule": [],
                "retention_policy": [
                  {
                    "days": 7
                  }
                ],
                "smb": []
              }
            ],
            "shared_access_key_enabled": true,
            "static_website": [],
            "table_encryption_key_type": "Service",
            "tags": {
              "contact": "johannes@dataroots.io",
              "customer": "dataroots"
            },
            "timeouts": null
          },
          "sensitive_attributes": [],
          "private": "eyJlMmJmYjczMC1lY2FhLTExZTYtOGY4OC0zNDM2M2JjN2M0YzAiOnsiY3JlYXRlIjozNjAwMDAwMDAwMDAwLCJkZWxldGUiOjM2MDAwMDAwMDAwMDAsInJlYWQiOjMwMDAwMDAwMDAwMCwidXBkYXRlIjozNjAwMDAwMDAwMDAwfSwic2NoZW1hX3ZlcnNpb24iOiIzIn0=",
          "dependencies": [
            "random_integer.suffix"
          ]
        },
        {
          "index_key": 2,
          "schema_version": 3,
          "attributes": {
            "access_tier": "Hot",
            "account_kind": "StorageV2",
            "account_replication_type": "GRS",
            "account_tier": "Standard",
            "allow_nested_items_to_be_public": false,
            "allowed_copy_scope": "",
            "azure_files_authentication": [],
            "blob_properties": [
              {
                "change_feed_enabled": false,
                "change_feed_retention_in_days": 0,
                "container_delete_retention_policy": [],
                "cors_rule": [],
                "default_service_version": "",
                "delete_retention_policy": [],
                "last_access_time_enabled": false,
                "restore_policy": [],
                "versioning_enabled": false
              }
            ],
            "cross_tenant_replication_enabled": true,
            "custom_domain": [],
            "customer_managed_key": [],
            "default_to_oauth_authentication": false,
            "edge_zone": "",
            "enable_https_traffic_only": true,
            "id": "/subscriptions/29a20b09-0857-4fda-b790-62666cbb1f13/resourceGroups/rg-medical-imaging-rafl/providers/Microsoft.Storage/storageAccounts/rafldev39242483st2",
            "identity": [],
            "immutability_policy": [],
            "infrastructure_encryption_enabled": false,
            "is_hns_enabled": false,
            "large_file_share_enabled": null,
            "location": "westeurope",
            "min_tls_version": "TLS1_2",
            "name": "rafldev39242483st2",
            "network_rules": [
              {
                "bypass": [
                  "AzureServices"
                ],
                "default_action": "Allow",
                "ip_rules": [],
                "private_link_access": [],
                "virtual_network_subnet_ids": []
              }
            ],
            "nfsv3_enabled": false,
            "primary_access_key": "yrXFODjsPA1u+LXiZEWIhH4e4aCk9cZjd1G1q898aBvQoGPQb1pwlvq6mZhWaPJ2lzxiLYwGB9wr+AStOwX5+g==",
            "primary_blob_connection_string": "DefaultEndpointsProtocol=https;BlobEndpoint=https://rafldev39242483st2.blob.core.windows.net/;AccountName=rafldev39242483st2;AccountKey=yrXFODjsPA1u+LXiZEWIhH4e4aCk9cZjd1G1q898aBvQoGPQb1pwlvq6mZhWaPJ2lzxiLYwGB9wr+AStOwX5+g==",
            "primary_blob_endpoint": "https://rafldev39242483st2.blob.core.windows.net/",
            "primary_blob_host": "rafldev39242483st2.blob.core.windows.net",
            "primary_connection_string": "DefaultEndpointsProtocol=https;AccountName=rafldev39242483st2;AccountKey=yrXFODjsPA1u+LXiZEWIhH4e4aCk9cZjd1G1q898aBvQoGPQb1pwlvq6mZhWaPJ2lzxiLYwGB9wr+AStOwX5+g==;EndpointSuffix=core.windows.net",
            "primary_dfs_endpoint": "https://rafldev39242483st2.dfs.core.windows.net/",
            "primary_dfs_host": "rafldev39242483st2.dfs.core.windows.net",
            "primary_file_endpoint": "https://rafldev39242483st2.file.core.windows.net/",
            "primary_file_host": "rafldev39242483st2.file.core.windows.net",
            "primary_location": "westeurope",
            "primary_queue_endpoint": "https://rafldev39242483st2.queue.core.windows.net/",
            "primary_queue_host": "rafldev39242483st2.queue.core.windows.net",
            "primary_table_endpoint": "https://rafldev39242483st2.table.core.windows.net/",
            "primary_table_host": "rafldev39242483st2.table.core.windows.net",
            "primary_web_endpoint": "https://rafldev39242483st2.z6.web.core.windows.net/",
            "primary_web_host": "rafldev39242483st2.z6.web.core.windows.net",
            "public_network_access_enabled": true,
            "queue_encryption_key_type": "Service",
            "queue_properties": [
              {
                "cors_rule": [],
                "hour_metrics": [
                  {
                    "enabled": true,
                    "include_apis": true,
                    "retention_policy_days": 7,
                    "version": "1.0"
                  }
                ],
                "logging": [
                  {
                    "delete": false,
                    "read": false,
                    "retention_policy_days": 0,
                    "version": "1.0",
                    "write": false
                  }
                ],
                "minute_metrics": [
                  {
                    "enabled": false,
                    "include_apis": false,
                    "retention_policy_days": 0,
                    "version": "1.0"
                  }
                ]
              }
            ],
            "resource_group_name": "rg-medical-imaging-rafl",
            "routing": [],
            "sas_policy": [],
            "secondary_access_key": "2t7XmvmzCNMMNjGc2hpxfpplFrorJAxm6viY31r1oSgEvE7GFZ0VsWyeJBqIEMyTmubseMPQf2p1+AStA3dTlw==",
            "secondary_blob_connection_string": "",
            "secondary_blob_endpoint": null,
            "secondary_blob_host": null,
            "secondary_connection_string": "DefaultEndpointsProtocol=https;AccountName=rafldev39242483st2;AccountKey=2t7XmvmzCNMMNjGc2hpxfpplFrorJAxm6viY31r1oSgEvE7GFZ0VsWyeJBqIEMyTmubseMPQf2p1+AStA3dTlw==;EndpointSuffix=core.windows.net",
            "secondary_dfs_endpoint": null,
            "secondary_dfs_host": null,
            "secondary_file_endpoint": null,
            "secondary_file_host": null,
            "secondary_location": "northeurope",
            "secondary_queue_endpoint": null,
            "secondary_queue_host": null,
            "secondary_table_endpoint": null,
            "secondary_table_host": null,
            "secondary_web_endpoint": null,
            "secondary_web_host": null,
            "sftp_enabled": false,
            "share_properties": [
              {
                "cors_rule": [],
                "retention_policy": [
                  {
                    "days": 7
                  }
                ],
                "smb": []
              }
            ],
            "shared_access_key_enabled": true,
            "static_website": [],
            "table_encryption_key_type": "Service",
            "tags": {
              "contact": "johannes@dataroots.io",
              "customer": "dataroots"
            },
            "timeouts": null
          },
          "sensitive_attributes": [],
          "private": "eyJlMmJmYjczMC1lY2FhLTExZTYtOGY4OC0zNDM2M2JjN2M0YzAiOnsiY3JlYXRlIjozNjAwMDAwMDAwMDAwLCJkZWxldGUiOjM2MDAwMDAwMDAwMDAsInJlYWQiOjMwMDAwMDAwMDAwMCwidXBkYXRlIjozNjAwMDAwMDAwMDAwfSwic2NoZW1hX3ZlcnNpb24iOiIzIn0=",
          "dependencies": [
            "random_integer.suffix"
          ]
        }
      ]
    },
    {
      "mode": "managed",
      "type": "azurerm_subnet",
      "name": "internal",
      "provider": "provider[\"registry.terraform.io/hashicorp/azurerm\"]",
      "instances": [
        {
          "schema_version": 0,
          "attributes": {
            "address_prefixes": [
              "10.0.2.0/24"
            ],
            "delegation": [],
            "enforce_private_link_endpoint_network_policies": false,
            "enforce_private_link_service_network_policies": false,
            "id": "/subscriptions/29a20b09-0857-4fda-b790-62666cbb1f13/resourceGroups/rg-medical-imaging-rafl/providers/Microsoft.Network/virtualNetworks/vn-rafl-network/subnets/internal",
            "name": "internal",
            "private_endpoint_network_policies_enabled": true,
            "private_link_service_network_policies_enabled": true,
            "resource_group_name": "rg-medical-imaging-rafl",
            "service_endpoint_policy_ids": null,
            "service_endpoints": null,
            "timeouts": null,
            "virtual_network_name": "vn-rafl-network"
          },
          "sensitive_attributes": [],
          "private": "eyJlMmJmYjczMC1lY2FhLTExZTYtOGY4OC0zNDM2M2JjN2M0YzAiOnsiY3JlYXRlIjoxODAwMDAwMDAwMDAwLCJkZWxldGUiOjE4MDAwMDAwMDAwMDAsInJlYWQiOjMwMDAwMDAwMDAwMCwidXBkYXRlIjoxODAwMDAwMDAwMDAwfX0=",
          "dependencies": [
            "azurerm_virtual_network.main"
          ]
        }
      ]
    },
    {
      "mode": "managed",
      "type": "azurerm_virtual_machine",
      "name": "main",
      "provider": "provider[\"registry.terraform.io/hashicorp/azurerm\"]",
      "instances": [
        {
          "schema_version": 0,
          "attributes": {
            "additional_capabilities": [],
            "availability_set_id": null,
            "boot_diagnostics": [],
            "delete_data_disks_on_termination": true,
            "delete_os_disk_on_termination": true,
            "id": "/subscriptions/29a20b09-0857-4fda-b790-62666cbb1f13/resourceGroups/rg-medical-imaging-rafl/providers/Microsoft.Compute/virtualMachines/fedserver",
            "identity": [],
            "license_type": null,
            "location": "westeurope",
            "name": "fedserver",
            "network_interface_ids": [
              "/subscriptions/29a20b09-0857-4fda-b790-62666cbb1f13/resourceGroups/rg-medical-imaging-rafl/providers/Microsoft.Network/networkInterfaces/rafl-nic"
            ],
            "os_profile": [
              {
                "admin_password": "",
                "admin_username": "fedserveradmin",
                "computer_name": "fedserver",
                "custom_data": ""
              }
            ],
            "os_profile_linux_config": [
              {
                "disable_password_authentication": false,
                "ssh_keys": []
              }
            ],
            "os_profile_secrets": [],
            "os_profile_windows_config": [],
            "plan": [],
            "primary_network_interface_id": null,
            "proximity_placement_group_id": null,
            "resource_group_name": "rg-medical-imaging-rafl",
            "storage_data_disk": [],
            "storage_image_reference": [
              {
                "id": "",
                "offer": "ubuntu-1804",
                "publisher": "microsoft-dsvm",
                "sku": "1804-gen2",
                "version": "latest"
              }
            ],
            "storage_os_disk": [
              {
                "caching": "ReadWrite",
                "create_option": "FromImage",
                "disk_size_gb": 150,
                "image_uri": "",
                "managed_disk_id": "/subscriptions/29a20b09-0857-4fda-b790-62666cbb1f13/resourceGroups/rg-medical-imaging-rafl/providers/Microsoft.Compute/disks/myosdisk1",
                "managed_disk_type": "Standard_LRS",
                "name": "myosdisk1",
                "os_type": "Linux",
                "vhd_uri": "",
                "write_accelerator_enabled": false
              }
            ],
            "tags": {
              "contact": "johannes@dataroots.io",
              "customer": "dataroots",
              "environment": "staging"
            },
            "timeouts": null,
            "vm_size": "Standard_DS1_v2",
            "zones": null
          },
          "sensitive_attributes": [],
          "private": "eyJlMmJmYjczMC1lY2FhLTExZTYtOGY4OC0zNDM2M2JjN2M0YzAiOnsiY3JlYXRlIjozNjAwMDAwMDAwMDAwLCJkZWxldGUiOjM2MDAwMDAwMDAwMDAsInJlYWQiOjMwMDAwMDAwMDAwMCwidXBkYXRlIjozNjAwMDAwMDAwMDAwfX0=",
          "dependencies": [
            "azurerm_network_interface.main",
            "azurerm_resource_group.default",
            "azurerm_subnet.internal",
            "azurerm_virtual_network.main"
          ]
        }
      ]
    },
    {
      "mode": "managed",
      "type": "azurerm_virtual_network",
      "name": "main",
      "provider": "provider[\"registry.terraform.io/hashicorp/azurerm\"]",
      "instances": [
        {
          "schema_version": 0,
          "attributes": {
            "address_space": [
              "10.0.0.0/16"
            ],
            "bgp_community": "",
            "ddos_protection_plan": [],
            "dns_servers": [],
            "edge_zone": "",
            "flow_timeout_in_minutes": 0,
            "guid": "884acd23-b1e6-4a0e-b9cb-485c96d2f6f5",
            "id": "/subscriptions/29a20b09-0857-4fda-b790-62666cbb1f13/resourceGroups/rg-medical-imaging-rafl/providers/Microsoft.Network/virtualNetworks/vn-rafl-network",
            "location": "westeurope",
            "name": "vn-rafl-network",
            "resource_group_name": "rg-medical-imaging-rafl",
            "subnet": [],
            "tags": {
              "contact": "johannes@dataroots.io",
              "customer": "dataroots"
            },
            "timeouts": null
          },
          "sensitive_attributes": [],
          "private": "eyJlMmJmYjczMC1lY2FhLTExZTYtOGY4OC0zNDM2M2JjN2M0YzAiOnsiY3JlYXRlIjoxODAwMDAwMDAwMDAwLCJkZWxldGUiOjE4MDAwMDAwMDAwMDAsInJlYWQiOjMwMDAwMDAwMDAwMCwidXBkYXRlIjoxODAwMDAwMDAwMDAwfX0="
        }
      ]
    },
    {
      "mode": "managed",
      "type": "random_integer",
      "name": "suffix",
      "provider": "provider[\"registry.terraform.io/hashicorp/random\"]",
      "instances": [
        {
          "schema_version": 0,
          "attributes": {
            "id": "39242483",
            "keepers": null,
            "max": 99999999,
            "min": 10000000,
            "result": 39242483,
            "seed": null
          },
          "sensitive_attributes": []
        }
      ]
    }
  ],
  "check_results": null
}
