{
  "version": 4,
  "terraform_version": "1.3.9",
  "serial": 48,
  "lineage": "efa54609-deed-a670-54e5-145ca6f59d21",
  "outputs": {},
  "resources": [
    {
      "mode": "data",
      "type": "azurerm_client_config",
      "name": "current",
      "provider": "provider[\"registry.terraform.io/hashicorp/azurerm\"]",
      "instances": [
        {
          "schema_version": 0,
          "attributes": {
            "client_id": "04b07795-8ddb-461a-bbee-02f9e1bf7b46",
            "id": "Y2xpZW50Q29uZmlncy9jbGllbnRJZD0wNGIwNzc5NS04ZGRiLTQ2MWEtYmJlZS0wMmY5ZTFiZjdiNDY7b2JqZWN0SWQ9MjQ2MTBlYzItMGRmMC00ZDVlLWFlMWYtMTFkNjE5ZWNhNTQ0O3N1YnNjcmlwdGlvbklkPTI5YTIwYjA5LTA4NTctNGZkYS1iNzkwLTYyNjY2Y2JiMWYxMzt0ZW5hbnRJZD01ZDRkZjI0ZC02NzY5LTQ1ODYtOTQ1NS1kZDZkYjNmMzBmMGU=",
            "object_id": "24610ec2-0df0-4d5e-ae1f-11d619eca544",
            "subscription_id": "29a20b09-0857-4fda-b790-62666cbb1f13",
            "tenant_id": "5d4df24d-6769-4586-9455-dd6db3f30f0e",
            "timeouts": null
          },
          "sensitive_attributes": []
        }
      ]
    },
    {
      "mode": "managed",
      "type": "azurerm_application_insights",
      "name": "default",
      "provider": "provider[\"registry.terraform.io/hashicorp/azurerm\"]",
      "instances": [
        {
          "index_key": 0,
          "schema_version": 1,
          "attributes": {
            "app_id": "ce7504cc-b2cb-4b8e-8ae0-062d5f0b54e7",
            "application_type": "web",
            "connection_string": "InstrumentationKey=d9318a0c-8f46-45d1-bdfa-00229dd20ca6;IngestionEndpoint=https://westeurope-3.in.applicationinsights.azure.com/;LiveEndpoint=https://westeurope.livediagnostics.monitor.azure.com/",
            "daily_data_cap_in_gb": 100,
            "daily_data_cap_notifications_disabled": false,
            "disable_ip_masking": false,
            "force_customer_storage_for_profiler": false,
            "id": "/subscriptions/29a20b09-0857-4fda-b790-62666cbb1f13/resourceGroups/rg-medical-imaging-rafl/providers/Microsoft.Insights/components/medical-imaging-rafl-appi0",
            "instrumentation_key": "d9318a0c-8f46-45d1-bdfa-00229dd20ca6",
            "internet_ingestion_enabled": true,
            "internet_query_enabled": true,
            "local_authentication_disabled": false,
            "location": "westeurope",
            "name": "medical-imaging-rafl-appi0",
            "resource_group_name": "rg-medical-imaging-rafl",
            "retention_in_days": 90,
            "sampling_percentage": 100,
            "tags": {
              "contact": "maciej@dataroots.io",
              "customer": "maciej@dataroots.io"
            },
            "timeouts": null,
            "workspace_id": ""
          },
          "sensitive_attributes": [],
          "private": "eyJlMmJmYjczMC1lY2FhLTExZTYtOGY4OC0zNDM2M2JjN2M0YzAiOnsiY3JlYXRlIjozNjAwMDAwMDAwMDAwLCJkZWxldGUiOjE4MDAwMDAwMDAwMDAsInJlYWQiOjMwMDAwMDAwMDAwMCwidXBkYXRlIjoxODAwMDAwMDAwMDAwfSwic2NoZW1hX3ZlcnNpb24iOiIxIn0="
        },
        {
          "index_key": 1,
          "schema_version": 1,
          "attributes": {
            "app_id": "29c89f4b-23d0-4bea-b637-ac423d75c2c8",
            "application_type": "web",
            "connection_string": "InstrumentationKey=9504f49c-cb26-46b5-bd47-02c7d477222b;IngestionEndpoint=https://westeurope-3.in.applicationinsights.azure.com/;LiveEndpoint=https://westeurope.livediagnostics.monitor.azure.com/",
            "daily_data_cap_in_gb": 100,
            "daily_data_cap_notifications_disabled": false,
            "disable_ip_masking": false,
            "force_customer_storage_for_profiler": false,
            "id": "/subscriptions/29a20b09-0857-4fda-b790-62666cbb1f13/resourceGroups/rg-medical-imaging-rafl/providers/Microsoft.Insights/components/medical-imaging-rafl-appi1",
            "instrumentation_key": "9504f49c-cb26-46b5-bd47-02c7d477222b",
            "internet_ingestion_enabled": true,
            "internet_query_enabled": true,
            "local_authentication_disabled": false,
            "location": "westeurope",
            "name": "medical-imaging-rafl-appi1",
            "resource_group_name": "rg-medical-imaging-rafl",
            "retention_in_days": 90,
            "sampling_percentage": 100,
            "tags": {
              "contact": "maciej@dataroots.io",
              "customer": "maciej@dataroots.io"
            },
            "timeouts": null,
            "workspace_id": ""
          },
          "sensitive_attributes": [],
          "private": "eyJlMmJmYjczMC1lY2FhLTExZTYtOGY4OC0zNDM2M2JjN2M0YzAiOnsiY3JlYXRlIjozNjAwMDAwMDAwMDAwLCJkZWxldGUiOjE4MDAwMDAwMDAwMDAsInJlYWQiOjMwMDAwMDAwMDAwMCwidXBkYXRlIjoxODAwMDAwMDAwMDAwfSwic2NoZW1hX3ZlcnNpb24iOiIxIn0="
        },
        {
          "index_key": 2,
          "schema_version": 1,
          "attributes": {
            "app_id": "f8aadf78-e5de-47a1-9711-864956ab5978",
            "application_type": "web",
            "connection_string": "InstrumentationKey=b5a999bd-30c1-45f7-a366-fabb274b08f8;IngestionEndpoint=https://westeurope-1.in.applicationinsights.azure.com/;LiveEndpoint=https://westeurope.livediagnostics.monitor.azure.com/",
            "daily_data_cap_in_gb": 100,
            "daily_data_cap_notifications_disabled": false,
            "disable_ip_masking": false,
            "force_customer_storage_for_profiler": false,
            "id": "/subscriptions/29a20b09-0857-4fda-b790-62666cbb1f13/resourceGroups/rg-medical-imaging-rafl/providers/Microsoft.Insights/components/medical-imaging-rafl-appi2",
            "instrumentation_key": "b5a999bd-30c1-45f7-a366-fabb274b08f8",
            "internet_ingestion_enabled": true,
            "internet_query_enabled": true,
            "local_authentication_disabled": false,
            "location": "westeurope",
            "name": "medical-imaging-rafl-appi2",
            "resource_group_name": "rg-medical-imaging-rafl",
            "retention_in_days": 90,
            "sampling_percentage": 100,
            "tags": {
              "contact": "maciej@dataroots.io",
              "customer": "maciej@dataroots.io"
            },
            "timeouts": null,
            "workspace_id": ""
          },
          "sensitive_attributes": [],
          "private": "eyJlMmJmYjczMC1lY2FhLTExZTYtOGY4OC0zNDM2M2JjN2M0YzAiOnsiY3JlYXRlIjozNjAwMDAwMDAwMDAwLCJkZWxldGUiOjE4MDAwMDAwMDAwMDAsInJlYWQiOjMwMDAwMDAwMDAwMCwidXBkYXRlIjoxODAwMDAwMDAwMDAwfSwic2NoZW1hX3ZlcnNpb24iOiIxIn0="
        }
      ]
    },
    {
      "mode": "managed",
      "type": "azurerm_container_registry",
      "name": "default",
      "provider": "provider[\"registry.terraform.io/hashicorp/azurerm\"]",
      "instances": [
        {
          "index_key": 0,
          "schema_version": 2,
          "attributes": {
            "admin_enabled": true,
            "admin_password": "TgN5zldLs2oBX0XQLzP6d9c74TYdyPPD3/NN94XRMo+ACRBip+Mm",
            "admin_username": "mldev85611291cr0",
            "anonymous_pull_enabled": false,
            "data_endpoint_enabled": false,
            "encryption": [
              {
                "enabled": false,
                "identity_client_id": "",
                "key_vault_key_id": ""
              }
            ],
            "export_policy_enabled": true,
            "georeplications": [],
            "id": "/subscriptions/29a20b09-0857-4fda-b790-62666cbb1f13/resourceGroups/rg-medical-imaging-rafl/providers/Microsoft.ContainerRegistry/registries/mldev85611291cr0",
            "identity": [],
            "location": "westeurope",
            "login_server": "mldev85611291cr0.azurecr.io",
            "name": "mldev85611291cr0",
            "network_rule_bypass_option": "AzureServices",
            "network_rule_set": [
              {
                "default_action": "Allow",
                "ip_rule": [],
                "virtual_network": []
              }
            ],
            "public_network_access_enabled": true,
            "quarantine_policy_enabled": false,
            "resource_group_name": "rg-medical-imaging-rafl",
            "retention_policy": [
              {
                "days": 7,
                "enabled": false
              }
            ],
            "sku": "Premium",
            "tags": {
              "contact": "maciej@dataroots.io",
              "customer": "maciej@dataroots.io"
            },
            "timeouts": null,
            "trust_policy": [
              {
                "enabled": false
              }
            ],
            "zone_redundancy_enabled": false
          },
          "sensitive_attributes": [],
          "private": "eyJlMmJmYjczMC1lY2FhLTExZTYtOGY4OC0zNDM2M2JjN2M0YzAiOnsiY3JlYXRlIjoxODAwMDAwMDAwMDAwLCJkZWxldGUiOjE4MDAwMDAwMDAwMDAsInJlYWQiOjMwMDAwMDAwMDAwMCwidXBkYXRlIjoxODAwMDAwMDAwMDAwfSwic2NoZW1hX3ZlcnNpb24iOiIyIn0=",
          "dependencies": [
            "random_integer.suffix"
          ]
        },
        {
          "index_key": 1,
          "schema_version": 2,
          "attributes": {
            "admin_enabled": true,
            "admin_password": "LiC8r0TtZ/FW8+sbraEY+rdmJ6gFUP6Zv5KhdEP3EC+ACRAMQH37",
            "admin_username": "mldev85611291cr1",
            "anonymous_pull_enabled": false,
            "data_endpoint_enabled": false,
            "encryption": [
              {
                "enabled": false,
                "identity_client_id": "",
                "key_vault_key_id": ""
              }
            ],
            "export_policy_enabled": true,
            "georeplications": [],
            "id": "/subscriptions/29a20b09-0857-4fda-b790-62666cbb1f13/resourceGroups/rg-medical-imaging-rafl/providers/Microsoft.ContainerRegistry/registries/mldev85611291cr1",
            "identity": [],
            "location": "westeurope",
            "login_server": "mldev85611291cr1.azurecr.io",
            "name": "mldev85611291cr1",
            "network_rule_bypass_option": "AzureServices",
            "network_rule_set": [
              {
                "default_action": "Allow",
                "ip_rule": [],
                "virtual_network": []
              }
            ],
            "public_network_access_enabled": true,
            "quarantine_policy_enabled": false,
            "resource_group_name": "rg-medical-imaging-rafl",
            "retention_policy": [
              {
                "days": 7,
                "enabled": false
              }
            ],
            "sku": "Premium",
            "tags": {
              "contact": "maciej@dataroots.io",
              "customer": "maciej@dataroots.io"
            },
            "timeouts": null,
            "trust_policy": [
              {
                "enabled": false
              }
            ],
            "zone_redundancy_enabled": false
          },
          "sensitive_attributes": [],
          "private": "eyJlMmJmYjczMC1lY2FhLTExZTYtOGY4OC0zNDM2M2JjN2M0YzAiOnsiY3JlYXRlIjoxODAwMDAwMDAwMDAwLCJkZWxldGUiOjE4MDAwMDAwMDAwMDAsInJlYWQiOjMwMDAwMDAwMDAwMCwidXBkYXRlIjoxODAwMDAwMDAwMDAwfSwic2NoZW1hX3ZlcnNpb24iOiIyIn0=",
          "dependencies": [
            "random_integer.suffix"
          ]
        },
        {
          "index_key": 2,
          "schema_version": 2,
          "attributes": {
            "admin_enabled": true,
            "admin_password": "Ab6MTvyN+SwXlQWcUntyckmVXPu98ivezh5SbsNE40+ACRB1RaXr",
            "admin_username": "mldev85611291cr2",
            "anonymous_pull_enabled": false,
            "data_endpoint_enabled": false,
            "encryption": [
              {
                "enabled": false,
                "identity_client_id": "",
                "key_vault_key_id": ""
              }
            ],
            "export_policy_enabled": true,
            "georeplications": [],
            "id": "/subscriptions/29a20b09-0857-4fda-b790-62666cbb1f13/resourceGroups/rg-medical-imaging-rafl/providers/Microsoft.ContainerRegistry/registries/mldev85611291cr2",
            "identity": [],
            "location": "westeurope",
            "login_server": "mldev85611291cr2.azurecr.io",
            "name": "mldev85611291cr2",
            "network_rule_bypass_option": "AzureServices",
            "network_rule_set": [
              {
                "default_action": "Allow",
                "ip_rule": [],
                "virtual_network": []
              }
            ],
            "public_network_access_enabled": true,
            "quarantine_policy_enabled": false,
            "resource_group_name": "rg-medical-imaging-rafl",
            "retention_policy": [
              {
                "days": 7,
                "enabled": false
              }
            ],
            "sku": "Premium",
            "tags": {
              "contact": "maciej@dataroots.io",
              "customer": "maciej@dataroots.io"
            },
            "timeouts": null,
            "trust_policy": [
              {
                "enabled": false
              }
            ],
            "zone_redundancy_enabled": false
          },
          "sensitive_attributes": [],
          "private": "eyJlMmJmYjczMC1lY2FhLTExZTYtOGY4OC0zNDM2M2JjN2M0YzAiOnsiY3JlYXRlIjoxODAwMDAwMDAwMDAwLCJkZWxldGUiOjE4MDAwMDAwMDAwMDAsInJlYWQiOjMwMDAwMDAwMDAwMCwidXBkYXRlIjoxODAwMDAwMDAwMDAwfSwic2NoZW1hX3ZlcnNpb24iOiIyIn0=",
          "dependencies": [
            "random_integer.suffix"
          ]
        }
      ]
    },
    {
      "mode": "managed",
      "type": "azurerm_machine_learning_workspace",
      "name": "default",
      "provider": "provider[\"registry.terraform.io/hashicorp/azurerm\"]",
      "instances": []
    },
    {
      "mode": "managed",
      "type": "azurerm_storage_account",
      "name": "default",
      "provider": "provider[\"registry.terraform.io/hashicorp/azurerm\"]",
      "instances": [
        {
          "index_key": 0,
          "schema_version": 3,
          "attributes": {
            "access_tier": "Hot",
            "account_kind": "StorageV2",
            "account_replication_type": "GRS",
            "account_tier": "Standard",
            "allow_nested_items_to_be_public": false,
            "allowed_copy_scope": "",
            "azure_files_authentication": [],
            "blob_properties": [
              {
                "change_feed_enabled": false,
                "change_feed_retention_in_days": 0,
                "container_delete_retention_policy": [],
                "cors_rule": [],
                "default_service_version": "",
                "delete_retention_policy": [],
                "last_access_time_enabled": false,
                "restore_policy": [],
                "versioning_enabled": false
              }
            ],
            "cross_tenant_replication_enabled": true,
            "custom_domain": [],
            "customer_managed_key": [],
            "default_to_oauth_authentication": false,
            "edge_zone": "",
            "enable_https_traffic_only": true,
            "id": "/subscriptions/29a20b09-0857-4fda-b790-62666cbb1f13/resourceGroups/rg-medical-imaging-rafl/providers/Microsoft.Storage/storageAccounts/mldev85611291st0",
            "identity": [],
            "immutability_policy": [],
            "infrastructure_encryption_enabled": false,
            "is_hns_enabled": false,
            "large_file_share_enabled": null,
            "location": "westeurope",
            "min_tls_version": "TLS1_2",
            "name": "mldev85611291st0",
            "network_rules": [
              {
                "bypass": [
                  "AzureServices"
                ],
                "default_action": "Allow",
                "ip_rules": [],
                "private_link_access": [],
                "virtual_network_subnet_ids": []
              }
            ],
            "nfsv3_enabled": false,
            "primary_access_key": "zcwnsk03CLbEy3xq3XHdZWmQMj2QPoHg0dNo6spZ01PuEv6gBFLuD7hkEw2C5g4hFA93GYfrosuV+AStQIntNQ==",
            "primary_blob_connection_string": "DefaultEndpointsProtocol=https;BlobEndpoint=https://mldev85611291st0.blob.core.windows.net/;AccountName=mldev85611291st0;AccountKey=zcwnsk03CLbEy3xq3XHdZWmQMj2QPoHg0dNo6spZ01PuEv6gBFLuD7hkEw2C5g4hFA93GYfrosuV+AStQIntNQ==",
            "primary_blob_endpoint": "https://mldev85611291st0.blob.core.windows.net/",
            "primary_blob_host": "mldev85611291st0.blob.core.windows.net",
            "primary_connection_string": "DefaultEndpointsProtocol=https;AccountName=mldev85611291st0;AccountKey=zcwnsk03CLbEy3xq3XHdZWmQMj2QPoHg0dNo6spZ01PuEv6gBFLuD7hkEw2C5g4hFA93GYfrosuV+AStQIntNQ==;EndpointSuffix=core.windows.net",
            "primary_dfs_endpoint": "https://mldev85611291st0.dfs.core.windows.net/",
            "primary_dfs_host": "mldev85611291st0.dfs.core.windows.net",
            "primary_file_endpoint": "https://mldev85611291st0.file.core.windows.net/",
            "primary_file_host": "mldev85611291st0.file.core.windows.net",
            "primary_location": "westeurope",
            "primary_queue_endpoint": "https://mldev85611291st0.queue.core.windows.net/",
            "primary_queue_host": "mldev85611291st0.queue.core.windows.net",
            "primary_table_endpoint": "https://mldev85611291st0.table.core.windows.net/",
            "primary_table_host": "mldev85611291st0.table.core.windows.net",
            "primary_web_endpoint": "https://mldev85611291st0.z6.web.core.windows.net/",
            "primary_web_host": "mldev85611291st0.z6.web.core.windows.net",
            "public_network_access_enabled": true,
            "queue_encryption_key_type": "Service",
            "queue_properties": [
              {
                "cors_rule": [],
                "hour_metrics": [
                  {
                    "enabled": true,
                    "include_apis": true,
                    "retention_policy_days": 7,
                    "version": "1.0"
                  }
                ],
                "logging": [
                  {
                    "delete": false,
                    "read": false,
                    "retention_policy_days": 0,
                    "version": "1.0",
                    "write": false
                  }
                ],
                "minute_metrics": [
                  {
                    "enabled": false,
                    "include_apis": false,
                    "retention_policy_days": 0,
                    "version": "1.0"
                  }
                ]
              }
            ],
            "resource_group_name": "rg-medical-imaging-rafl",
            "routing": [],
            "sas_policy": [],
            "secondary_access_key": "aID3+eCmxgoDDNJSf5wdXAIoq2hVA6407bzkIuARLEq49NBadPJD5FSa4ParW0uaoi/5i7T8+s9A+AStwam+pg==",
            "secondary_blob_connection_string": "",
            "secondary_blob_endpoint": null,
            "secondary_blob_host": null,
            "secondary_connection_string": "DefaultEndpointsProtocol=https;AccountName=mldev85611291st0;AccountKey=aID3+eCmxgoDDNJSf5wdXAIoq2hVA6407bzkIuARLEq49NBadPJD5FSa4ParW0uaoi/5i7T8+s9A+AStwam+pg==;EndpointSuffix=core.windows.net",
            "secondary_dfs_endpoint": null,
            "secondary_dfs_host": null,
            "secondary_file_endpoint": null,
            "secondary_file_host": null,
            "secondary_location": "northeurope",
            "secondary_queue_endpoint": null,
            "secondary_queue_host": null,
            "secondary_table_endpoint": null,
            "secondary_table_host": null,
            "secondary_web_endpoint": null,
            "secondary_web_host": null,
            "sftp_enabled": false,
            "share_properties": [
              {
                "cors_rule": [],
                "retention_policy": [
                  {
                    "days": 7
                  }
                ],
                "smb": []
              }
            ],
            "shared_access_key_enabled": true,
            "static_website": [],
            "table_encryption_key_type": "Service",
            "tags": {
              "contact": "maciej@dataroots.io",
              "customer": "maciej@dataroots.io"
            },
            "timeouts": null
          },
          "sensitive_attributes": [],
          "private": "eyJlMmJmYjczMC1lY2FhLTExZTYtOGY4OC0zNDM2M2JjN2M0YzAiOnsiY3JlYXRlIjozNjAwMDAwMDAwMDAwLCJkZWxldGUiOjM2MDAwMDAwMDAwMDAsInJlYWQiOjMwMDAwMDAwMDAwMCwidXBkYXRlIjozNjAwMDAwMDAwMDAwfSwic2NoZW1hX3ZlcnNpb24iOiIzIn0=",
          "dependencies": [
            "random_integer.suffix"
          ]
        },
        {
          "index_key": 1,
          "schema_version": 3,
          "attributes": {
            "access_tier": "Hot",
            "account_kind": "StorageV2",
            "account_replication_type": "GRS",
            "account_tier": "Standard",
            "allow_nested_items_to_be_public": false,
            "allowed_copy_scope": "",
            "azure_files_authentication": [],
            "blob_properties": [
              {
                "change_feed_enabled": false,
                "change_feed_retention_in_days": 0,
                "container_delete_retention_policy": [],
                "cors_rule": [],
                "default_service_version": "",
                "delete_retention_policy": [],
                "last_access_time_enabled": false,
                "restore_policy": [],
                "versioning_enabled": false
              }
            ],
            "cross_tenant_replication_enabled": true,
            "custom_domain": [],
            "customer_managed_key": [],
            "default_to_oauth_authentication": false,
            "edge_zone": "",
            "enable_https_traffic_only": true,
            "id": "/subscriptions/29a20b09-0857-4fda-b790-62666cbb1f13/resourceGroups/rg-medical-imaging-rafl/providers/Microsoft.Storage/storageAccounts/mldev85611291st1",
            "identity": [],
            "immutability_policy": [],
            "infrastructure_encryption_enabled": false,
            "is_hns_enabled": false,
            "large_file_share_enabled": null,
            "location": "westeurope",
            "min_tls_version": "TLS1_2",
            "name": "mldev85611291st1",
            "network_rules": [
              {
                "bypass": [
                  "AzureServices"
                ],
                "default_action": "Allow",
                "ip_rules": [],
                "private_link_access": [],
                "virtual_network_subnet_ids": []
              }
            ],
            "nfsv3_enabled": false,
            "primary_access_key": "G3rQVtNdNMCpKrUSsZtbGGuk83xLgabgPGpBsGtH5NQIJXw3JTy7+YgPXHmuu+kOyrdK0Xfvpw6n+AStHb0yGg==",
            "primary_blob_connection_string": "DefaultEndpointsProtocol=https;BlobEndpoint=https://mldev85611291st1.blob.core.windows.net/;AccountName=mldev85611291st1;AccountKey=G3rQVtNdNMCpKrUSsZtbGGuk83xLgabgPGpBsGtH5NQIJXw3JTy7+YgPXHmuu+kOyrdK0Xfvpw6n+AStHb0yGg==",
            "primary_blob_endpoint": "https://mldev85611291st1.blob.core.windows.net/",
            "primary_blob_host": "mldev85611291st1.blob.core.windows.net",
            "primary_connection_string": "DefaultEndpointsProtocol=https;AccountName=mldev85611291st1;AccountKey=G3rQVtNdNMCpKrUSsZtbGGuk83xLgabgPGpBsGtH5NQIJXw3JTy7+YgPXHmuu+kOyrdK0Xfvpw6n+AStHb0yGg==;EndpointSuffix=core.windows.net",
            "primary_dfs_endpoint": "https://mldev85611291st1.dfs.core.windows.net/",
            "primary_dfs_host": "mldev85611291st1.dfs.core.windows.net",
            "primary_file_endpoint": "https://mldev85611291st1.file.core.windows.net/",
            "primary_file_host": "mldev85611291st1.file.core.windows.net",
            "primary_location": "westeurope",
            "primary_queue_endpoint": "https://mldev85611291st1.queue.core.windows.net/",
            "primary_queue_host": "mldev85611291st1.queue.core.windows.net",
            "primary_table_endpoint": "https://mldev85611291st1.table.core.windows.net/",
            "primary_table_host": "mldev85611291st1.table.core.windows.net",
            "primary_web_endpoint": "https://mldev85611291st1.z6.web.core.windows.net/",
            "primary_web_host": "mldev85611291st1.z6.web.core.windows.net",
            "public_network_access_enabled": true,
            "queue_encryption_key_type": "Service",
            "queue_properties": [
              {
                "cors_rule": [],
                "hour_metrics": [
                  {
                    "enabled": true,
                    "include_apis": true,
                    "retention_policy_days": 7,
                    "version": "1.0"
                  }
                ],
                "logging": [
                  {
                    "delete": false,
                    "read": false,
                    "retention_policy_days": 0,
                    "version": "1.0",
                    "write": false
                  }
                ],
                "minute_metrics": [
                  {
                    "enabled": false,
                    "include_apis": false,
                    "retention_policy_days": 0,
                    "version": "1.0"
                  }
                ]
              }
            ],
            "resource_group_name": "rg-medical-imaging-rafl",
            "routing": [],
            "sas_policy": [],
            "secondary_access_key": "x2tcevNqjDcIG8RE9tHWn64OamIkuI06Hk2N4OwI7XBACTke1bThm1sfx/gmTAnG5d0gglJsg/R8+AStfyyYWQ==",
            "secondary_blob_connection_string": "",
            "secondary_blob_endpoint": null,
            "secondary_blob_host": null,
            "secondary_connection_string": "DefaultEndpointsProtocol=https;AccountName=mldev85611291st1;AccountKey=x2tcevNqjDcIG8RE9tHWn64OamIkuI06Hk2N4OwI7XBACTke1bThm1sfx/gmTAnG5d0gglJsg/R8+AStfyyYWQ==;EndpointSuffix=core.windows.net",
            "secondary_dfs_endpoint": null,
            "secondary_dfs_host": null,
            "secondary_file_endpoint": null,
            "secondary_file_host": null,
            "secondary_location": "northeurope",
            "secondary_queue_endpoint": null,
            "secondary_queue_host": null,
            "secondary_table_endpoint": null,
            "secondary_table_host": null,
            "secondary_web_endpoint": null,
            "secondary_web_host": null,
            "sftp_enabled": false,
            "share_properties": [
              {
                "cors_rule": [],
                "retention_policy": [
                  {
                    "days": 7
                  }
                ],
                "smb": []
              }
            ],
            "shared_access_key_enabled": true,
            "static_website": [],
            "table_encryption_key_type": "Service",
            "tags": {
              "contact": "maciej@dataroots.io",
              "customer": "maciej@dataroots.io"
            },
            "timeouts": null
          },
          "sensitive_attributes": [],
          "private": "eyJlMmJmYjczMC1lY2FhLTExZTYtOGY4OC0zNDM2M2JjN2M0YzAiOnsiY3JlYXRlIjozNjAwMDAwMDAwMDAwLCJkZWxldGUiOjM2MDAwMDAwMDAwMDAsInJlYWQiOjMwMDAwMDAwMDAwMCwidXBkYXRlIjozNjAwMDAwMDAwMDAwfSwic2NoZW1hX3ZlcnNpb24iOiIzIn0=",
          "dependencies": [
            "random_integer.suffix"
          ]
        },
        {
          "index_key": 2,
          "schema_version": 3,
          "attributes": {
            "access_tier": "Hot",
            "account_kind": "StorageV2",
            "account_replication_type": "GRS",
            "account_tier": "Standard",
            "allow_nested_items_to_be_public": false,
            "allowed_copy_scope": "",
            "azure_files_authentication": [],
            "blob_properties": [
              {
                "change_feed_enabled": false,
                "change_feed_retention_in_days": 0,
                "container_delete_retention_policy": [],
                "cors_rule": [],
                "default_service_version": "",
                "delete_retention_policy": [],
                "last_access_time_enabled": false,
                "restore_policy": [],
                "versioning_enabled": false
              }
            ],
            "cross_tenant_replication_enabled": true,
            "custom_domain": [],
            "customer_managed_key": [],
            "default_to_oauth_authentication": false,
            "edge_zone": "",
            "enable_https_traffic_only": true,
            "id": "/subscriptions/29a20b09-0857-4fda-b790-62666cbb1f13/resourceGroups/rg-medical-imaging-rafl/providers/Microsoft.Storage/storageAccounts/mldev85611291st2",
            "identity": [],
            "immutability_policy": [],
            "infrastructure_encryption_enabled": false,
            "is_hns_enabled": false,
            "large_file_share_enabled": null,
            "location": "westeurope",
            "min_tls_version": "TLS1_2",
            "name": "mldev85611291st2",
            "network_rules": [
              {
                "bypass": [
                  "AzureServices"
                ],
                "default_action": "Allow",
                "ip_rules": [],
                "private_link_access": [],
                "virtual_network_subnet_ids": []
              }
            ],
            "nfsv3_enabled": false,
            "primary_access_key": "VmlYdIcwTB21Et6iszXmvvc6HPJj5KUoC5Sr1YlDMsbogJySfXXK9H0FYwwT4bR7q/7X2Q9fj4Ak+AStgRhs7Q==",
            "primary_blob_connection_string": "DefaultEndpointsProtocol=https;BlobEndpoint=https://mldev85611291st2.blob.core.windows.net/;AccountName=mldev85611291st2;AccountKey=VmlYdIcwTB21Et6iszXmvvc6HPJj5KUoC5Sr1YlDMsbogJySfXXK9H0FYwwT4bR7q/7X2Q9fj4Ak+AStgRhs7Q==",
            "primary_blob_endpoint": "https://mldev85611291st2.blob.core.windows.net/",
            "primary_blob_host": "mldev85611291st2.blob.core.windows.net",
            "primary_connection_string": "DefaultEndpointsProtocol=https;AccountName=mldev85611291st2;AccountKey=VmlYdIcwTB21Et6iszXmvvc6HPJj5KUoC5Sr1YlDMsbogJySfXXK9H0FYwwT4bR7q/7X2Q9fj4Ak+AStgRhs7Q==;EndpointSuffix=core.windows.net",
            "primary_dfs_endpoint": "https://mldev85611291st2.dfs.core.windows.net/",
            "primary_dfs_host": "mldev85611291st2.dfs.core.windows.net",
            "primary_file_endpoint": "https://mldev85611291st2.file.core.windows.net/",
            "primary_file_host": "mldev85611291st2.file.core.windows.net",
            "primary_location": "westeurope",
            "primary_queue_endpoint": "https://mldev85611291st2.queue.core.windows.net/",
            "primary_queue_host": "mldev85611291st2.queue.core.windows.net",
            "primary_table_endpoint": "https://mldev85611291st2.table.core.windows.net/",
            "primary_table_host": "mldev85611291st2.table.core.windows.net",
            "primary_web_endpoint": "https://mldev85611291st2.z6.web.core.windows.net/",
            "primary_web_host": "mldev85611291st2.z6.web.core.windows.net",
            "public_network_access_enabled": true,
            "queue_encryption_key_type": "Service",
            "queue_properties": [
              {
                "cors_rule": [],
                "hour_metrics": [
                  {
                    "enabled": true,
                    "include_apis": true,
                    "retention_policy_days": 7,
                    "version": "1.0"
                  }
                ],
                "logging": [
                  {
                    "delete": false,
                    "read": false,
                    "retention_policy_days": 0,
                    "version": "1.0",
                    "write": false
                  }
                ],
                "minute_metrics": [
                  {
                    "enabled": false,
                    "include_apis": false,
                    "retention_policy_days": 0,
                    "version": "1.0"
                  }
                ]
              }
            ],
            "resource_group_name": "rg-medical-imaging-rafl",
            "routing": [],
            "sas_policy": [],
            "secondary_access_key": "AoiR+lghdmUBuv4IJOonQHwDxC+pNgnXpLjb9pBh4lCAtqThkuLG3wVJ23x6bX13Q9rD6rGPb1WO+AStPEApWQ==",
            "secondary_blob_connection_string": "",
            "secondary_blob_endpoint": null,
            "secondary_blob_host": null,
            "secondary_connection_string": "DefaultEndpointsProtocol=https;AccountName=mldev85611291st2;AccountKey=AoiR+lghdmUBuv4IJOonQHwDxC+pNgnXpLjb9pBh4lCAtqThkuLG3wVJ23x6bX13Q9rD6rGPb1WO+AStPEApWQ==;EndpointSuffix=core.windows.net",
            "secondary_dfs_endpoint": null,
            "secondary_dfs_host": null,
            "secondary_file_endpoint": null,
            "secondary_file_host": null,
            "secondary_location": "northeurope",
            "secondary_queue_endpoint": null,
            "secondary_queue_host": null,
            "secondary_table_endpoint": null,
            "secondary_table_host": null,
            "secondary_web_endpoint": null,
            "secondary_web_host": null,
            "sftp_enabled": false,
            "share_properties": [
              {
                "cors_rule": [],
                "retention_policy": [
                  {
                    "days": 7
                  }
                ],
                "smb": []
              }
            ],
            "shared_access_key_enabled": true,
            "static_website": [],
            "table_encryption_key_type": "Service",
            "tags": {
              "contact": "maciej@dataroots.io",
              "customer": "maciej@dataroots.io"
            },
            "timeouts": null
          },
          "sensitive_attributes": [],
          "private": "eyJlMmJmYjczMC1lY2FhLTExZTYtOGY4OC0zNDM2M2JjN2M0YzAiOnsiY3JlYXRlIjozNjAwMDAwMDAwMDAwLCJkZWxldGUiOjM2MDAwMDAwMDAwMDAsInJlYWQiOjMwMDAwMDAwMDAwMCwidXBkYXRlIjozNjAwMDAwMDAwMDAwfSwic2NoZW1hX3ZlcnNpb24iOiIzIn0=",
          "dependencies": [
            "random_integer.suffix"
          ]
        }
      ]
    },
    {
      "mode": "managed",
      "type": "random_integer",
      "name": "suffix",
      "provider": "provider[\"registry.terraform.io/hashicorp/random\"]",
      "instances": [
        {
          "schema_version": 0,
          "attributes": {
            "id": "85611291",
            "keepers": null,
            "max": 99999999,
            "min": 10000000,
            "result": 85611291,
            "seed": null
          },
          "sensitive_attributes": []
        }
      ]
    },
    {
      "mode": "managed",
      "type": "random_pet",
      "name": "prefix",
      "provider": "provider[\"registry.terraform.io/hashicorp/random\"]",
      "instances": [
        {
          "schema_version": 0,
          "attributes": {
            "id": "ml-happy-mammal",
            "keepers": null,
            "length": 2,
            "prefix": "ml",
            "separator": "-"
          },
          "sensitive_attributes": []
        }
      ]
    }
  ],
  "check_results": null
}
