{
  "version": 4,
  "terraform_version": "1.4.4",
  "serial": 84,
  "lineage": "8de680dc-fdc5-1832-4f97-d609c366ed04",
  "outputs": {},
  "resources": [
    {
      "mode": "managed",
      "type": "azurerm_resource_group",
      "name": "default",
      "provider": "provider[\"registry.terraform.io/hashicorp/azurerm\"]",
      "instances": [
        {
          "schema_version": 0,
          "attributes": {
            "id": "/subscriptions/29a20b09-0857-4fda-b790-62666cbb1f13/resourceGroups/rg-medical-imaging-rafl",
            "location": "westeurope",
            "name": "rg-medical-imaging-rafl",
            "tags": {
              "contact": "johannes@dataroots.io",
              "customer": "dataroots"
            },
            "timeouts": null
          },
          "sensitive_attributes": [],
          "private": "eyJlMmJmYjczMC1lY2FhLTExZTYtOGY4OC0zNDM2M2JjN2M0YzAiOnsiY3JlYXRlIjo1NDAwMDAwMDAwMDAwLCJkZWxldGUiOjU0MDAwMDAwMDAwMDAsInJlYWQiOjMwMDAwMDAwMDAwMCwidXBkYXRlIjo1NDAwMDAwMDAwMDAwfX0="
        }
      ]
    }
  ],
  "check_results": null
}
